
Microsoft Visual Studio Solution File, Format Version 12.00
# Visual Studio 2012
Project("{2150E333-8FDC-42A3-9474-1A3956D46DE8}") = "Dependencies", "Dependencies", "{B936294D-89FC-414A-92D2-31F2EA37DDAC}"
	ProjectSection(SolutionItems) = preProject
		Dependencies\Newtonsoft.Json.dll = Dependencies\Newtonsoft.Json.dll
	EndProjectSection
EndProject
Project("{FAE04EC0-301F-11D3-BF4B-00C04F79EFBC}") = "ExtendedDisplay.Framework.CrossAndroid", "ExtendedDisplay.Framework.CrossAndroid\ExtendedDisplay.Framework.CrossAndroid.csproj", "{05F88F52-1BBC-46A9-870D-A92ECDD3710F}"
EndProject
Project("{FAE04EC0-301F-11D3-BF4B-00C04F79EFBC}") = "ExtendedDisplay.Framework.CrossWin", "ExtendedDisplay.Framework.CrossWin\ExtendedDisplay.Framework.CrossWin.csproj", "{41842952-30D4-44DC-88D2-B96C19B034D0}"
EndProject
Project("{FAE04EC0-301F-11D3-BF4B-00C04F79EFBC}") = "ExtendedDisplay.Framework.Win", "ExtendedDisplay.Framework.Win\ExtendedDisplay.Framework.Win.csproj", "{050029FA-5FA6-45E0-A49F-DEABDCDF9DA9}"
EndProject
Project("{FAE04EC0-301F-11D3-BF4B-00C04F79EFBC}") = "ExtendedDisplay.Client.Android", "ExtendedDisplay.Client.Android\ExtendedDisplay.Client.Android.csproj", "{69A3EF0D-E070-4B17-85BA-4D2E03BFA2ED}"
EndProject
Project("{FAE04EC0-301F-11D3-BF4B-00C04F79EFBC}") = "ExtendedDisplay.Client.Console", "ExtendedDisplay.Client.Console\ExtendedDisplay.Client.Console.csproj", "{662C691F-89C8-4EBD-A0A9-C870A019B510}"
EndProject
Project("{FAE04EC0-301F-11D3-BF4B-00C04F79EFBC}") = "ExtendedDisplay.Client.iOS", "ExtendedDisplay.Client.iOS\ExtendedDisplay.Client.iOS.csproj", "{0D9CCF18-A89B-49E2-9D3E-787283A36F39}"
EndProject
Project("{FAE04EC0-301F-11D3-BF4B-00C04F79EFBC}") = "ExtendedDisplay.Client.WinForms", "ExtendedDisplay.Client.WinForms\ExtendedDisplay.Client.WinForms.csproj", "{2DAE7F56-2EC9-4B47-A936-C77B80FFC294}"
EndProject
Project("{FAE04EC0-301F-11D3-BF4B-00C04F79EFBC}") = "ExtendedDisplay.Server.Console", "ExtendedDisplay.Server.Console\ExtendedDisplay.Server.Console.csproj", "{9C4CA251-0DB6-4E8A-B43B-78EF283EDD05}"
EndProject
Project("{FAE04EC0-301F-11D3-BF4B-00C04F79EFBC}") = "ExtendedDisplay.Framework.CrossIos", "ExtendedDisplay.Framework.CrossIos\ExtendedDisplay.Framework.CrossIos.csproj", "{6955204F-82AC-40AC-908C-5824CFDCD70A}"
EndProject
Project("{FAE04EC0-301F-11D3-BF4B-00C04F79EFBC}") = "ExtendedDisplay.Client.MacOsX", "ExtendedDisplay.Client.MacOsX\ExtendedDisplay.Client.MacOsX.csproj", "{E7F00086-FFE7-4A2D-BA14-4624C8B4662F}"
EndProject
Global
	GlobalSection(SolutionConfigurationPlatforms) = preSolution
		Ad-Hoc|Any CPU = Ad-Hoc|Any CPU
		Ad-Hoc|iPhone = Ad-Hoc|iPhone
		Ad-Hoc|iPhoneSimulator = Ad-Hoc|iPhoneSimulator
		Ad-Hoc|Mixed Platforms = Ad-Hoc|Mixed Platforms
		Ad-Hoc|x86 = Ad-Hoc|x86
		AppStore|Any CPU = AppStore|Any CPU
		AppStore|iPhone = AppStore|iPhone
		AppStore|iPhoneSimulator = AppStore|iPhoneSimulator
		AppStore|Mixed Platforms = AppStore|Mixed Platforms
		AppStore|x86 = AppStore|x86
		Debug|Any CPU = Debug|Any CPU
		Debug|iPhone = Debug|iPhone
		Debug|iPhoneSimulator = Debug|iPhoneSimulator
		Debug|Mixed Platforms = Debug|Mixed Platforms
		Debug|x86 = Debug|x86
		Release|Any CPU = Release|Any CPU
		Release|iPhone = Release|iPhone
		Release|iPhoneSimulator = Release|iPhoneSimulator
		Release|Mixed Platforms = Release|Mixed Platforms
		Release|x86 = Release|x86
	EndGlobalSection
	GlobalSection(ProjectConfigurationPlatforms) = postSolution
		{050029FA-5FA6-45E0-A49F-DEABDCDF9DA9}.Ad-Hoc|Any CPU.ActiveCfg = Release|Any CPU
		{050029FA-5FA6-45E0-A49F-DEABDCDF9DA9}.Ad-Hoc|Any CPU.Build.0 = Release|Any CPU
		{050029FA-5FA6-45E0-A49F-DEABDCDF9DA9}.Ad-Hoc|iPhone.ActiveCfg = Release|Any CPU
		{050029FA-5FA6-45E0-A49F-DEABDCDF9DA9}.Ad-Hoc|iPhoneSimulator.ActiveCfg = Release|Any CPU
		{050029FA-5FA6-45E0-A49F-DEABDCDF9DA9}.Ad-Hoc|Mixed Platforms.ActiveCfg = Release|Any CPU
		{050029FA-5FA6-45E0-A49F-DEABDCDF9DA9}.Ad-Hoc|Mixed Platforms.Build.0 = Release|Any CPU
		{050029FA-5FA6-45E0-A49F-DEABDCDF9DA9}.Ad-Hoc|x86.ActiveCfg = Release|Any CPU
		{050029FA-5FA6-45E0-A49F-DEABDCDF9DA9}.AppStore|Any CPU.ActiveCfg = Release|Any CPU
		{050029FA-5FA6-45E0-A49F-DEABDCDF9DA9}.AppStore|Any CPU.Build.0 = Release|Any CPU
		{050029FA-5FA6-45E0-A49F-DEABDCDF9DA9}.AppStore|iPhone.ActiveCfg = Release|Any CPU
		{050029FA-5FA6-45E0-A49F-DEABDCDF9DA9}.AppStore|iPhoneSimulator.ActiveCfg = Release|Any CPU
		{050029FA-5FA6-45E0-A49F-DEABDCDF9DA9}.AppStore|Mixed Platforms.ActiveCfg = Release|Any CPU
		{050029FA-5FA6-45E0-A49F-DEABDCDF9DA9}.AppStore|Mixed Platforms.Build.0 = Release|Any CPU
		{050029FA-5FA6-45E0-A49F-DEABDCDF9DA9}.AppStore|x86.ActiveCfg = Release|Any CPU
		{050029FA-5FA6-45E0-A49F-DEABDCDF9DA9}.Debug|Any CPU.ActiveCfg = Debug|Any CPU
		{050029FA-5FA6-45E0-A49F-DEABDCDF9DA9}.Debug|Any CPU.Build.0 = Debug|Any CPU
		{050029FA-5FA6-45E0-A49F-DEABDCDF9DA9}.Debug|iPhone.ActiveCfg = Debug|Any CPU
		{050029FA-5FA6-45E0-A49F-DEABDCDF9DA9}.Debug|iPhoneSimulator.ActiveCfg = Debug|Any CPU
		{050029FA-5FA6-45E0-A49F-DEABDCDF9DA9}.Debug|Mixed Platforms.ActiveCfg = Debug|Any CPU
		{050029FA-5FA6-45E0-A49F-DEABDCDF9DA9}.Debug|Mixed Platforms.Build.0 = Debug|Any CPU
		{050029FA-5FA6-45E0-A49F-DEABDCDF9DA9}.Debug|x86.ActiveCfg = Debug|Any CPU
		{050029FA-5FA6-45E0-A49F-DEABDCDF9DA9}.Release|Any CPU.ActiveCfg = Release|Any CPU
		{050029FA-5FA6-45E0-A49F-DEABDCDF9DA9}.Release|Any CPU.Build.0 = Release|Any CPU
		{050029FA-5FA6-45E0-A49F-DEABDCDF9DA9}.Release|iPhone.ActiveCfg = Release|Any CPU
		{050029FA-5FA6-45E0-A49F-DEABDCDF9DA9}.Release|iPhoneSimulator.ActiveCfg = Release|Any CPU
		{050029FA-5FA6-45E0-A49F-DEABDCDF9DA9}.Release|Mixed Platforms.ActiveCfg = Release|Any CPU
		{050029FA-5FA6-45E0-A49F-DEABDCDF9DA9}.Release|Mixed Platforms.Build.0 = Release|Any CPU
		{050029FA-5FA6-45E0-A49F-DEABDCDF9DA9}.Release|x86.ActiveCfg = Release|Any CPU
		{05F88F52-1BBC-46A9-870D-A92ECDD3710F}.Ad-Hoc|Any CPU.ActiveCfg = Release|Any CPU
		{05F88F52-1BBC-46A9-870D-A92ECDD3710F}.Ad-Hoc|Any CPU.Build.0 = Release|Any CPU
		{05F88F52-1BBC-46A9-870D-A92ECDD3710F}.Ad-Hoc|iPhone.ActiveCfg = Release|Any CPU
		{05F88F52-1BBC-46A9-870D-A92ECDD3710F}.Ad-Hoc|iPhoneSimulator.ActiveCfg = Release|Any CPU
		{05F88F52-1BBC-46A9-870D-A92ECDD3710F}.Ad-Hoc|Mixed Platforms.ActiveCfg = Release|Any CPU
		{05F88F52-1BBC-46A9-870D-A92ECDD3710F}.Ad-Hoc|Mixed Platforms.Build.0 = Release|Any CPU
		{05F88F52-1BBC-46A9-870D-A92ECDD3710F}.Ad-Hoc|x86.ActiveCfg = Release|Any CPU
		{05F88F52-1BBC-46A9-870D-A92ECDD3710F}.AppStore|Any CPU.ActiveCfg = Release|Any CPU
		{05F88F52-1BBC-46A9-870D-A92ECDD3710F}.AppStore|Any CPU.Build.0 = Release|Any CPU
		{05F88F52-1BBC-46A9-870D-A92ECDD3710F}.AppStore|iPhone.ActiveCfg = Release|Any CPU
		{05F88F52-1BBC-46A9-870D-A92ECDD3710F}.AppStore|iPhoneSimulator.ActiveCfg = Release|Any CPU
		{05F88F52-1BBC-46A9-870D-A92ECDD3710F}.AppStore|Mixed Platforms.ActiveCfg = Release|Any CPU
		{05F88F52-1BBC-46A9-870D-A92ECDD3710F}.AppStore|Mixed Platforms.Build.0 = Release|Any CPU
		{05F88F52-1BBC-46A9-870D-A92ECDD3710F}.AppStore|x86.ActiveCfg = Release|Any CPU
		{05F88F52-1BBC-46A9-870D-A92ECDD3710F}.Debug|Any CPU.ActiveCfg = Debug|Any CPU
		{05F88F52-1BBC-46A9-870D-A92ECDD3710F}.Debug|Any CPU.Build.0 = Debug|Any CPU
		{05F88F52-1BBC-46A9-870D-A92ECDD3710F}.Debug|iPhone.ActiveCfg = Debug|Any CPU
		{05F88F52-1BBC-46A9-870D-A92ECDD3710F}.Debug|iPhoneSimulator.ActiveCfg = Debug|Any CPU
		{05F88F52-1BBC-46A9-870D-A92ECDD3710F}.Debug|Mixed Platforms.ActiveCfg = Debug|Any CPU
		{05F88F52-1BBC-46A9-870D-A92ECDD3710F}.Debug|Mixed Platforms.Build.0 = Debug|Any CPU
		{05F88F52-1BBC-46A9-870D-A92ECDD3710F}.Debug|x86.ActiveCfg = Debug|Any CPU
		{05F88F52-1BBC-46A9-870D-A92ECDD3710F}.Release|Any CPU.ActiveCfg = Release|Any CPU
		{05F88F52-1BBC-46A9-870D-A92ECDD3710F}.Release|Any CPU.Build.0 = Release|Any CPU
		{05F88F52-1BBC-46A9-870D-A92ECDD3710F}.Release|iPhone.ActiveCfg = Release|Any CPU
		{05F88F52-1BBC-46A9-870D-A92ECDD3710F}.Release|iPhoneSimulator.ActiveCfg = Release|Any CPU
		{05F88F52-1BBC-46A9-870D-A92ECDD3710F}.Release|Mixed Platforms.ActiveCfg = Release|Any CPU
		{05F88F52-1BBC-46A9-870D-A92ECDD3710F}.Release|Mixed Platforms.Build.0 = Release|Any CPU
		{05F88F52-1BBC-46A9-870D-A92ECDD3710F}.Release|x86.ActiveCfg = Release|Any CPU
		{0D9CCF18-A89B-49E2-9D3E-787283A36F39}.Ad-Hoc|Any CPU.ActiveCfg = Ad-Hoc|iPhone
		{0D9CCF18-A89B-49E2-9D3E-787283A36F39}.Ad-Hoc|iPhone.ActiveCfg = Ad-Hoc|iPhone
		{0D9CCF18-A89B-49E2-9D3E-787283A36F39}.Ad-Hoc|iPhone.Build.0 = Ad-Hoc|iPhone
		{0D9CCF18-A89B-49E2-9D3E-787283A36F39}.Ad-Hoc|iPhone.Deploy.0 = Ad-Hoc|iPhone
		{0D9CCF18-A89B-49E2-9D3E-787283A36F39}.Ad-Hoc|iPhoneSimulator.ActiveCfg = Ad-Hoc|iPhoneSimulator
		{0D9CCF18-A89B-49E2-9D3E-787283A36F39}.Ad-Hoc|iPhoneSimulator.Build.0 = Ad-Hoc|iPhoneSimulator
		{0D9CCF18-A89B-49E2-9D3E-787283A36F39}.Ad-Hoc|iPhoneSimulator.Deploy.0 = Ad-Hoc|iPhoneSimulator
		{0D9CCF18-A89B-49E2-9D3E-787283A36F39}.Ad-Hoc|Mixed Platforms.ActiveCfg = Ad-Hoc|iPhone
		{0D9CCF18-A89B-49E2-9D3E-787283A36F39}.Ad-Hoc|Mixed Platforms.Build.0 = Ad-Hoc|iPhone
		{0D9CCF18-A89B-49E2-9D3E-787283A36F39}.Ad-Hoc|Mixed Platforms.Deploy.0 = Ad-Hoc|iPhone
		{0D9CCF18-A89B-49E2-9D3E-787283A36F39}.Ad-Hoc|x86.ActiveCfg = Ad-Hoc|iPhone
		{0D9CCF18-A89B-49E2-9D3E-787283A36F39}.AppStore|Any CPU.ActiveCfg = AppStore|iPhone
		{0D9CCF18-A89B-49E2-9D3E-787283A36F39}.AppStore|iPhone.ActiveCfg = AppStore|iPhone
		{0D9CCF18-A89B-49E2-9D3E-787283A36F39}.AppStore|iPhone.Build.0 = AppStore|iPhone
		{0D9CCF18-A89B-49E2-9D3E-787283A36F39}.AppStore|iPhone.Deploy.0 = AppStore|iPhone
		{0D9CCF18-A89B-49E2-9D3E-787283A36F39}.AppStore|iPhoneSimulator.ActiveCfg = AppStore|iPhoneSimulator
		{0D9CCF18-A89B-49E2-9D3E-787283A36F39}.AppStore|iPhoneSimulator.Build.0 = AppStore|iPhoneSimulator
		{0D9CCF18-A89B-49E2-9D3E-787283A36F39}.AppStore|iPhoneSimulator.Deploy.0 = AppStore|iPhoneSimulator
		{0D9CCF18-A89B-49E2-9D3E-787283A36F39}.AppStore|Mixed Platforms.ActiveCfg = AppStore|iPhone
		{0D9CCF18-A89B-49E2-9D3E-787283A36F39}.AppStore|Mixed Platforms.Build.0 = AppStore|iPhone
		{0D9CCF18-A89B-49E2-9D3E-787283A36F39}.AppStore|Mixed Platforms.Deploy.0 = AppStore|iPhone
		{0D9CCF18-A89B-49E2-9D3E-787283A36F39}.AppStore|x86.ActiveCfg = AppStore|iPhone
		{0D9CCF18-A89B-49E2-9D3E-787283A36F39}.Debug|Any CPU.ActiveCfg = Debug|iPhone
		{0D9CCF18-A89B-49E2-9D3E-787283A36F39}.Debug|iPhone.ActiveCfg = Debug|iPhone
		{0D9CCF18-A89B-49E2-9D3E-787283A36F39}.Debug|iPhone.Build.0 = Debug|iPhone
		{0D9CCF18-A89B-49E2-9D3E-787283A36F39}.Debug|iPhone.Deploy.0 = Debug|iPhone
		{0D9CCF18-A89B-49E2-9D3E-787283A36F39}.Debug|iPhoneSimulator.ActiveCfg = Debug|iPhoneSimulator
		{0D9CCF18-A89B-49E2-9D3E-787283A36F39}.Debug|iPhoneSimulator.Build.0 = Debug|iPhoneSimulator
		{0D9CCF18-A89B-49E2-9D3E-787283A36F39}.Debug|iPhoneSimulator.Deploy.0 = Debug|iPhoneSimulator
		{0D9CCF18-A89B-49E2-9D3E-787283A36F39}.Debug|Mixed Platforms.ActiveCfg = Debug|iPhone
		{0D9CCF18-A89B-49E2-9D3E-787283A36F39}.Debug|Mixed Platforms.Build.0 = Debug|iPhone
		{0D9CCF18-A89B-49E2-9D3E-787283A36F39}.Debug|Mixed Platforms.Deploy.0 = Debug|iPhone
		{0D9CCF18-A89B-49E2-9D3E-787283A36F39}.Debug|x86.ActiveCfg = Debug|iPhone
		{0D9CCF18-A89B-49E2-9D3E-787283A36F39}.Release|Any CPU.ActiveCfg = Release|iPhone
		{0D9CCF18-A89B-49E2-9D3E-787283A36F39}.Release|iPhone.ActiveCfg = Release|iPhone
		{0D9CCF18-A89B-49E2-9D3E-787283A36F39}.Release|iPhone.Build.0 = Release|iPhone
		{0D9CCF18-A89B-49E2-9D3E-787283A36F39}.Release|iPhone.Deploy.0 = Release|iPhone
		{0D9CCF18-A89B-49E2-9D3E-787283A36F39}.Release|iPhoneSimulator.ActiveCfg = Release|iPhoneSimulator
		{0D9CCF18-A89B-49E2-9D3E-787283A36F39}.Release|iPhoneSimulator.Build.0 = Release|iPhoneSimulator
		{0D9CCF18-A89B-49E2-9D3E-787283A36F39}.Release|iPhoneSimulator.Deploy.0 = Release|iPhoneSimulator
		{0D9CCF18-A89B-49E2-9D3E-787283A36F39}.Release|Mixed Platforms.ActiveCfg = Release|iPhone
		{0D9CCF18-A89B-49E2-9D3E-787283A36F39}.Release|Mixed Platforms.Build.0 = Release|iPhone
		{0D9CCF18-A89B-49E2-9D3E-787283A36F39}.Release|Mixed Platforms.Deploy.0 = Release|iPhone
		{0D9CCF18-A89B-49E2-9D3E-787283A36F39}.Release|x86.ActiveCfg = Release|iPhone
		{2DAE7F56-2EC9-4B47-A936-C77B80FFC294}.Ad-Hoc|Any CPU.ActiveCfg = Release|x86
		{2DAE7F56-2EC9-4B47-A936-C77B80FFC294}.Ad-Hoc|iPhone.ActiveCfg = Release|x86
		{2DAE7F56-2EC9-4B47-A936-C77B80FFC294}.Ad-Hoc|iPhoneSimulator.ActiveCfg = Release|x86
		{2DAE7F56-2EC9-4B47-A936-C77B80FFC294}.Ad-Hoc|Mixed Platforms.ActiveCfg = Release|x86
		{2DAE7F56-2EC9-4B47-A936-C77B80FFC294}.Ad-Hoc|Mixed Platforms.Build.0 = Release|x86
		{2DAE7F56-2EC9-4B47-A936-C77B80FFC294}.Ad-Hoc|x86.ActiveCfg = Release|x86
		{2DAE7F56-2EC9-4B47-A936-C77B80FFC294}.Ad-Hoc|x86.Build.0 = Release|x86
		{2DAE7F56-2EC9-4B47-A936-C77B80FFC294}.AppStore|Any CPU.ActiveCfg = Release|x86
		{2DAE7F56-2EC9-4B47-A936-C77B80FFC294}.AppStore|iPhone.ActiveCfg = Release|x86
		{2DAE7F56-2EC9-4B47-A936-C77B80FFC294}.AppStore|iPhoneSimulator.ActiveCfg = Release|x86
		{2DAE7F56-2EC9-4B47-A936-C77B80FFC294}.AppStore|Mixed Platforms.ActiveCfg = Release|x86
		{2DAE7F56-2EC9-4B47-A936-C77B80FFC294}.AppStore|Mixed Platforms.Build.0 = Release|x86
		{2DAE7F56-2EC9-4B47-A936-C77B80FFC294}.AppStore|x86.ActiveCfg = Release|x86
		{2DAE7F56-2EC9-4B47-A936-C77B80FFC294}.AppStore|x86.Build.0 = Release|x86
		{2DAE7F56-2EC9-4B47-A936-C77B80FFC294}.Debug|Any CPU.ActiveCfg = Debug|x86
		{2DAE7F56-2EC9-4B47-A936-C77B80FFC294}.Debug|iPhone.ActiveCfg = Debug|x86
		{2DAE7F56-2EC9-4B47-A936-C77B80FFC294}.Debug|iPhoneSimulator.ActiveCfg = Debug|x86
		{2DAE7F56-2EC9-4B47-A936-C77B80FFC294}.Debug|Mixed Platforms.ActiveCfg = Debug|x86
		{2DAE7F56-2EC9-4B47-A936-C77B80FFC294}.Debug|Mixed Platforms.Build.0 = Debug|x86
		{2DAE7F56-2EC9-4B47-A936-C77B80FFC294}.Debug|x86.ActiveCfg = Debug|x86
		{2DAE7F56-2EC9-4B47-A936-C77B80FFC294}.Debug|x86.Build.0 = Debug|x86
		{2DAE7F56-2EC9-4B47-A936-C77B80FFC294}.Release|Any CPU.ActiveCfg = Release|x86
		{2DAE7F56-2EC9-4B47-A936-C77B80FFC294}.Release|iPhone.ActiveCfg = Release|x86
		{2DAE7F56-2EC9-4B47-A936-C77B80FFC294}.Release|iPhoneSimulator.ActiveCfg = Release|x86
		{2DAE7F56-2EC9-4B47-A936-C77B80FFC294}.Release|Mixed Platforms.ActiveCfg = Release|x86
		{2DAE7F56-2EC9-4B47-A936-C77B80FFC294}.Release|Mixed Platforms.Build.0 = Release|x86
		{2DAE7F56-2EC9-4B47-A936-C77B80FFC294}.Release|x86.ActiveCfg = Release|x86
		{2DAE7F56-2EC9-4B47-A936-C77B80FFC294}.Release|x86.Build.0 = Release|x86
		{41842952-30D4-44DC-88D2-B96C19B034D0}.Ad-Hoc|Any CPU.ActiveCfg = Release|Any CPU
		{41842952-30D4-44DC-88D2-B96C19B034D0}.Ad-Hoc|Any CPU.Build.0 = Release|Any CPU
		{41842952-30D4-44DC-88D2-B96C19B034D0}.Ad-Hoc|iPhone.ActiveCfg = Release|Any CPU
		{41842952-30D4-44DC-88D2-B96C19B034D0}.Ad-Hoc|iPhoneSimulator.ActiveCfg = Release|Any CPU
		{41842952-30D4-44DC-88D2-B96C19B034D0}.Ad-Hoc|Mixed Platforms.ActiveCfg = Release|Any CPU
		{41842952-30D4-44DC-88D2-B96C19B034D0}.Ad-Hoc|Mixed Platforms.Build.0 = Release|Any CPU
		{41842952-30D4-44DC-88D2-B96C19B034D0}.Ad-Hoc|x86.ActiveCfg = Release|Any CPU
		{41842952-30D4-44DC-88D2-B96C19B034D0}.AppStore|Any CPU.ActiveCfg = Release|Any CPU
		{41842952-30D4-44DC-88D2-B96C19B034D0}.AppStore|Any CPU.Build.0 = Release|Any CPU
		{41842952-30D4-44DC-88D2-B96C19B034D0}.AppStore|iPhone.ActiveCfg = Release|Any CPU
		{41842952-30D4-44DC-88D2-B96C19B034D0}.AppStore|iPhoneSimulator.ActiveCfg = Release|Any CPU
		{41842952-30D4-44DC-88D2-B96C19B034D0}.AppStore|Mixed Platforms.ActiveCfg = Release|Any CPU
		{41842952-30D4-44DC-88D2-B96C19B034D0}.AppStore|Mixed Platforms.Build.0 = Release|Any CPU
		{41842952-30D4-44DC-88D2-B96C19B034D0}.AppStore|x86.ActiveCfg = Release|Any CPU
		{41842952-30D4-44DC-88D2-B96C19B034D0}.Debug|Any CPU.ActiveCfg = Debug|Any CPU
		{41842952-30D4-44DC-88D2-B96C19B034D0}.Debug|Any CPU.Build.0 = Debug|Any CPU
		{41842952-30D4-44DC-88D2-B96C19B034D0}.Debug|iPhone.ActiveCfg = Debug|Any CPU
		{41842952-30D4-44DC-88D2-B96C19B034D0}.Debug|iPhoneSimulator.ActiveCfg = Debug|Any CPU
		{41842952-30D4-44DC-88D2-B96C19B034D0}.Debug|Mixed Platforms.ActiveCfg = Debug|Any CPU
		{41842952-30D4-44DC-88D2-B96C19B034D0}.Debug|Mixed Platforms.Build.0 = Debug|Any CPU
		{41842952-30D4-44DC-88D2-B96C19B034D0}.Debug|x86.ActiveCfg = Debug|Any CPU
		{41842952-30D4-44DC-88D2-B96C19B034D0}.Release|Any CPU.ActiveCfg = Release|Any CPU
		{41842952-30D4-44DC-88D2-B96C19B034D0}.Release|Any CPU.Build.0 = Release|Any CPU
		{41842952-30D4-44DC-88D2-B96C19B034D0}.Release|iPhone.ActiveCfg = Release|Any CPU
		{41842952-30D4-44DC-88D2-B96C19B034D0}.Release|iPhoneSimulator.ActiveCfg = Release|Any CPU
		{41842952-30D4-44DC-88D2-B96C19B034D0}.Release|Mixed Platforms.ActiveCfg = Release|Any CPU
		{41842952-30D4-44DC-88D2-B96C19B034D0}.Release|Mixed Platforms.Build.0 = Release|Any CPU
		{41842952-30D4-44DC-88D2-B96C19B034D0}.Release|x86.ActiveCfg = Release|Any CPU
		{662C691F-89C8-4EBD-A0A9-C870A019B510}.Ad-Hoc|Any CPU.ActiveCfg = Release|x86
		{662C691F-89C8-4EBD-A0A9-C870A019B510}.Ad-Hoc|iPhone.ActiveCfg = Release|x86
		{662C691F-89C8-4EBD-A0A9-C870A019B510}.Ad-Hoc|iPhoneSimulator.ActiveCfg = Release|x86
		{662C691F-89C8-4EBD-A0A9-C870A019B510}.Ad-Hoc|Mixed Platforms.ActiveCfg = Release|x86
		{662C691F-89C8-4EBD-A0A9-C870A019B510}.Ad-Hoc|Mixed Platforms.Build.0 = Release|x86
		{662C691F-89C8-4EBD-A0A9-C870A019B510}.Ad-Hoc|x86.ActiveCfg = Release|x86
		{662C691F-89C8-4EBD-A0A9-C870A019B510}.Ad-Hoc|x86.Build.0 = Release|x86
		{662C691F-89C8-4EBD-A0A9-C870A019B510}.AppStore|Any CPU.ActiveCfg = Release|x86
		{662C691F-89C8-4EBD-A0A9-C870A019B510}.AppStore|iPhone.ActiveCfg = Release|x86
		{662C691F-89C8-4EBD-A0A9-C870A019B510}.AppStore|iPhoneSimulator.ActiveCfg = Release|x86
		{662C691F-89C8-4EBD-A0A9-C870A019B510}.AppStore|Mixed Platforms.ActiveCfg = Release|x86
		{662C691F-89C8-4EBD-A0A9-C870A019B510}.AppStore|Mixed Platforms.Build.0 = Release|x86
		{662C691F-89C8-4EBD-A0A9-C870A019B510}.AppStore|x86.ActiveCfg = Release|x86
		{662C691F-89C8-4EBD-A0A9-C870A019B510}.AppStore|x86.Build.0 = Release|x86
		{662C691F-89C8-4EBD-A0A9-C870A019B510}.Debug|Any CPU.ActiveCfg = Debug|x86
		{662C691F-89C8-4EBD-A0A9-C870A019B510}.Debug|iPhone.ActiveCfg = Debug|x86
		{662C691F-89C8-4EBD-A0A9-C870A019B510}.Debug|iPhoneSimulator.ActiveCfg = Debug|x86
		{662C691F-89C8-4EBD-A0A9-C870A019B510}.Debug|Mixed Platforms.ActiveCfg = Debug|x86
		{662C691F-89C8-4EBD-A0A9-C870A019B510}.Debug|Mixed Platforms.Build.0 = Debug|x86
		{662C691F-89C8-4EBD-A0A9-C870A019B510}.Debug|x86.ActiveCfg = Debug|x86
		{662C691F-89C8-4EBD-A0A9-C870A019B510}.Debug|x86.Build.0 = Debug|x86
		{662C691F-89C8-4EBD-A0A9-C870A019B510}.Release|Any CPU.ActiveCfg = Release|x86
		{662C691F-89C8-4EBD-A0A9-C870A019B510}.Release|iPhone.ActiveCfg = Release|x86
		{662C691F-89C8-4EBD-A0A9-C870A019B510}.Release|iPhoneSimulator.ActiveCfg = Release|x86
		{662C691F-89C8-4EBD-A0A9-C870A019B510}.Release|Mixed Platforms.ActiveCfg = Release|x86
		{662C691F-89C8-4EBD-A0A9-C870A019B510}.Release|Mixed Platforms.Build.0 = Release|x86
		{662C691F-89C8-4EBD-A0A9-C870A019B510}.Release|x86.ActiveCfg = Release|x86
		{662C691F-89C8-4EBD-A0A9-C870A019B510}.Release|x86.Build.0 = Release|x86
		{6955204F-82AC-40AC-908C-5824CFDCD70A}.Ad-Hoc|Any CPU.ActiveCfg = Release|Any CPU
		{6955204F-82AC-40AC-908C-5824CFDCD70A}.Ad-Hoc|Any CPU.Build.0 = Release|Any CPU
		{6955204F-82AC-40AC-908C-5824CFDCD70A}.Ad-Hoc|iPhone.ActiveCfg = Release|Any CPU
		{6955204F-82AC-40AC-908C-5824CFDCD70A}.Ad-Hoc|iPhone.Build.0 = Release|Any CPU
		{6955204F-82AC-40AC-908C-5824CFDCD70A}.Ad-Hoc|iPhoneSimulator.ActiveCfg = Release|Any CPU
		{6955204F-82AC-40AC-908C-5824CFDCD70A}.Ad-Hoc|iPhoneSimulator.Build.0 = Release|Any CPU
		{6955204F-82AC-40AC-908C-5824CFDCD70A}.Ad-Hoc|Mixed Platforms.ActiveCfg = Release|Any CPU
		{6955204F-82AC-40AC-908C-5824CFDCD70A}.Ad-Hoc|Mixed Platforms.Build.0 = Release|Any CPU
		{6955204F-82AC-40AC-908C-5824CFDCD70A}.Ad-Hoc|x86.ActiveCfg = Release|Any CPU
		{6955204F-82AC-40AC-908C-5824CFDCD70A}.Ad-Hoc|x86.Build.0 = Release|Any CPU
		{6955204F-82AC-40AC-908C-5824CFDCD70A}.AppStore|Any CPU.ActiveCfg = Release|Any CPU
		{6955204F-82AC-40AC-908C-5824CFDCD70A}.AppStore|Any CPU.Build.0 = Release|Any CPU
		{6955204F-82AC-40AC-908C-5824CFDCD70A}.AppStore|iPhone.ActiveCfg = Release|Any CPU
		{6955204F-82AC-40AC-908C-5824CFDCD70A}.AppStore|iPhone.Build.0 = Release|Any CPU
		{6955204F-82AC-40AC-908C-5824CFDCD70A}.AppStore|iPhoneSimulator.ActiveCfg = Release|Any CPU
		{6955204F-82AC-40AC-908C-5824CFDCD70A}.AppStore|iPhoneSimulator.Build.0 = Release|Any CPU
		{6955204F-82AC-40AC-908C-5824CFDCD70A}.AppStore|Mixed Platforms.ActiveCfg = Release|Any CPU
		{6955204F-82AC-40AC-908C-5824CFDCD70A}.AppStore|Mixed Platforms.Build.0 = Release|Any CPU
		{6955204F-82AC-40AC-908C-5824CFDCD70A}.AppStore|x86.ActiveCfg = Release|Any CPU
		{6955204F-82AC-40AC-908C-5824CFDCD70A}.AppStore|x86.Build.0 = Release|Any CPU
		{6955204F-82AC-40AC-908C-5824CFDCD70A}.Debug|Any CPU.ActiveCfg = Debug|Any CPU
		{6955204F-82AC-40AC-908C-5824CFDCD70A}.Debug|Any CPU.Build.0 = Debug|Any CPU
		{6955204F-82AC-40AC-908C-5824CFDCD70A}.Debug|iPhone.ActiveCfg = Debug|Any CPU
		{6955204F-82AC-40AC-908C-5824CFDCD70A}.Debug|iPhone.Build.0 = Debug|Any CPU
		{6955204F-82AC-40AC-908C-5824CFDCD70A}.Debug|iPhoneSimulator.ActiveCfg = Debug|Any CPU
		{6955204F-82AC-40AC-908C-5824CFDCD70A}.Debug|iPhoneSimulator.Build.0 = Debug|Any CPU
		{6955204F-82AC-40AC-908C-5824CFDCD70A}.Debug|Mixed Platforms.ActiveCfg = Debug|Any CPU
		{6955204F-82AC-40AC-908C-5824CFDCD70A}.Debug|Mixed Platforms.Build.0 = Debug|Any CPU
		{6955204F-82AC-40AC-908C-5824CFDCD70A}.Debug|x86.ActiveCfg = Debug|Any CPU
		{6955204F-82AC-40AC-908C-5824CFDCD70A}.Debug|x86.Build.0 = Debug|Any CPU
		{6955204F-82AC-40AC-908C-5824CFDCD70A}.Release|Any CPU.ActiveCfg = Release|Any CPU
		{6955204F-82AC-40AC-908C-5824CFDCD70A}.Release|Any CPU.Build.0 = Release|Any CPU
		{6955204F-82AC-40AC-908C-5824CFDCD70A}.Release|iPhone.ActiveCfg = Release|Any CPU
		{6955204F-82AC-40AC-908C-5824CFDCD70A}.Release|iPhone.Build.0 = Release|Any CPU
		{6955204F-82AC-40AC-908C-5824CFDCD70A}.Release|iPhoneSimulator.ActiveCfg = Release|Any CPU
		{6955204F-82AC-40AC-908C-5824CFDCD70A}.Release|iPhoneSimulator.Build.0 = Release|Any CPU
		{6955204F-82AC-40AC-908C-5824CFDCD70A}.Release|Mixed Platforms.ActiveCfg = Release|Any CPU
		{6955204F-82AC-40AC-908C-5824CFDCD70A}.Release|Mixed Platforms.Build.0 = Release|Any CPU
		{6955204F-82AC-40AC-908C-5824CFDCD70A}.Release|x86.ActiveCfg = Release|Any CPU
		{6955204F-82AC-40AC-908C-5824CFDCD70A}.Release|x86.Build.0 = Release|Any CPU
		{69A3EF0D-E070-4B17-85BA-4D2E03BFA2ED}.Ad-Hoc|Any CPU.ActiveCfg = Release|Any CPU
		{69A3EF0D-E070-4B17-85BA-4D2E03BFA2ED}.Ad-Hoc|Any CPU.Build.0 = Release|Any CPU
		{69A3EF0D-E070-4B17-85BA-4D2E03BFA2ED}.Ad-Hoc|Any CPU.Deploy.0 = Release|Any CPU
		{69A3EF0D-E070-4B17-85BA-4D2E03BFA2ED}.Ad-Hoc|iPhone.ActiveCfg = Release|Any CPU
		{69A3EF0D-E070-4B17-85BA-4D2E03BFA2ED}.Ad-Hoc|iPhoneSimulator.ActiveCfg = Release|Any CPU
		{69A3EF0D-E070-4B17-85BA-4D2E03BFA2ED}.Ad-Hoc|Mixed Platforms.ActiveCfg = Release|Any CPU
		{69A3EF0D-E070-4B17-85BA-4D2E03BFA2ED}.Ad-Hoc|Mixed Platforms.Build.0 = Release|Any CPU
		{69A3EF0D-E070-4B17-85BA-4D2E03BFA2ED}.Ad-Hoc|Mixed Platforms.Deploy.0 = Release|Any CPU
		{69A3EF0D-E070-4B17-85BA-4D2E03BFA2ED}.Ad-Hoc|x86.ActiveCfg = Release|Any CPU
		{69A3EF0D-E070-4B17-85BA-4D2E03BFA2ED}.AppStore|Any CPU.ActiveCfg = Release|Any CPU
		{69A3EF0D-E070-4B17-85BA-4D2E03BFA2ED}.AppStore|Any CPU.Build.0 = Release|Any CPU
		{69A3EF0D-E070-4B17-85BA-4D2E03BFA2ED}.AppStore|Any CPU.Deploy.0 = Release|Any CPU
		{69A3EF0D-E070-4B17-85BA-4D2E03BFA2ED}.AppStore|iPhone.ActiveCfg = Release|Any CPU
		{69A3EF0D-E070-4B17-85BA-4D2E03BFA2ED}.AppStore|iPhoneSimulator.ActiveCfg = Release|Any CPU
		{69A3EF0D-E070-4B17-85BA-4D2E03BFA2ED}.AppStore|Mixed Platforms.ActiveCfg = Release|Any CPU
		{69A3EF0D-E070-4B17-85BA-4D2E03BFA2ED}.AppStore|Mixed Platforms.Build.0 = Release|Any CPU
		{69A3EF0D-E070-4B17-85BA-4D2E03BFA2ED}.AppStore|Mixed Platforms.Deploy.0 = Release|Any CPU
		{69A3EF0D-E070-4B17-85BA-4D2E03BFA2ED}.AppStore|x86.ActiveCfg = Release|Any CPU
		{69A3EF0D-E070-4B17-85BA-4D2E03BFA2ED}.Debug|Any CPU.ActiveCfg = Debug|Any CPU
		{69A3EF0D-E070-4B17-85BA-4D2E03BFA2ED}.Debug|Any CPU.Build.0 = Debug|Any CPU
		{69A3EF0D-E070-4B17-85BA-4D2E03BFA2ED}.Debug|Any CPU.Deploy.0 = Debug|Any CPU
		{69A3EF0D-E070-4B17-85BA-4D2E03BFA2ED}.Debug|iPhone.ActiveCfg = Debug|Any CPU
		{69A3EF0D-E070-4B17-85BA-4D2E03BFA2ED}.Debug|iPhoneSimulator.ActiveCfg = Debug|Any CPU
		{69A3EF0D-E070-4B17-85BA-4D2E03BFA2ED}.Debug|Mixed Platforms.ActiveCfg = Debug|Any CPU
		{69A3EF0D-E070-4B17-85BA-4D2E03BFA2ED}.Debug|Mixed Platforms.Build.0 = Debug|Any CPU
		{69A3EF0D-E070-4B17-85BA-4D2E03BFA2ED}.Debug|Mixed Platforms.Deploy.0 = Debug|Any CPU
		{69A3EF0D-E070-4B17-85BA-4D2E03BFA2ED}.Debug|x86.ActiveCfg = Debug|Any CPU
		{69A3EF0D-E070-4B17-85BA-4D2E03BFA2ED}.Release|Any CPU.ActiveCfg = Release|Any CPU
		{69A3EF0D-E070-4B17-85BA-4D2E03BFA2ED}.Release|Any CPU.Build.0 = Release|Any CPU
		{69A3EF0D-E070-4B17-85BA-4D2E03BFA2ED}.Release|Any CPU.Deploy.0 = Release|Any CPU
		{69A3EF0D-E070-4B17-85BA-4D2E03BFA2ED}.Release|iPhone.ActiveCfg = Release|Any CPU
		{69A3EF0D-E070-4B17-85BA-4D2E03BFA2ED}.Release|iPhoneSimulator.ActiveCfg = Release|Any CPU
		{69A3EF0D-E070-4B17-85BA-4D2E03BFA2ED}.Release|Mixed Platforms.ActiveCfg = Release|Any CPU
		{69A3EF0D-E070-4B17-85BA-4D2E03BFA2ED}.Release|Mixed Platforms.Build.0 = Release|Any CPU
		{69A3EF0D-E070-4B17-85BA-4D2E03BFA2ED}.Release|Mixed Platforms.Deploy.0 = Release|Any CPU
		{69A3EF0D-E070-4B17-85BA-4D2E03BFA2ED}.Release|x86.ActiveCfg = Release|Any CPU
		{9C4CA251-0DB6-4E8A-B43B-78EF283EDD05}.Ad-Hoc|Any CPU.ActiveCfg = Release|x86
		{9C4CA251-0DB6-4E8A-B43B-78EF283EDD05}.Ad-Hoc|iPhone.ActiveCfg = Release|x86
		{9C4CA251-0DB6-4E8A-B43B-78EF283EDD05}.Ad-Hoc|iPhoneSimulator.ActiveCfg = Release|x86
		{9C4CA251-0DB6-4E8A-B43B-78EF283EDD05}.Ad-Hoc|Mixed Platforms.ActiveCfg = Release|x86
		{9C4CA251-0DB6-4E8A-B43B-78EF283EDD05}.Ad-Hoc|Mixed Platforms.Build.0 = Release|x86
		{9C4CA251-0DB6-4E8A-B43B-78EF283EDD05}.Ad-Hoc|x86.ActiveCfg = Release|x86
		{9C4CA251-0DB6-4E8A-B43B-78EF283EDD05}.Ad-Hoc|x86.Build.0 = Release|x86
		{9C4CA251-0DB6-4E8A-B43B-78EF283EDD05}.AppStore|Any CPU.ActiveCfg = Release|x86
		{9C4CA251-0DB6-4E8A-B43B-78EF283EDD05}.AppStore|iPhone.ActiveCfg = Release|x86
		{9C4CA251-0DB6-4E8A-B43B-78EF283EDD05}.AppStore|iPhoneSimulator.ActiveCfg = Release|x86
		{9C4CA251-0DB6-4E8A-B43B-78EF283EDD05}.AppStore|Mixed Platforms.ActiveCfg = Release|x86
		{9C4CA251-0DB6-4E8A-B43B-78EF283EDD05}.AppStore|Mixed Platforms.Build.0 = Release|x86
		{9C4CA251-0DB6-4E8A-B43B-78EF283EDD05}.AppStore|x86.ActiveCfg = Release|x86
		{9C4CA251-0DB6-4E8A-B43B-78EF283EDD05}.AppStore|x86.Build.0 = Release|x86
		{9C4CA251-0DB6-4E8A-B43B-78EF283EDD05}.Debug|Any CPU.ActiveCfg = Debug|x86
		{9C4CA251-0DB6-4E8A-B43B-78EF283EDD05}.Debug|iPhone.ActiveCfg = Debug|x86
		{9C4CA251-0DB6-4E8A-B43B-78EF283EDD05}.Debug|iPhoneSimulator.ActiveCfg = Debug|x86
		{9C4CA251-0DB6-4E8A-B43B-78EF283EDD05}.Debug|Mixed Platforms.ActiveCfg = Debug|x86
		{9C4CA251-0DB6-4E8A-B43B-78EF283EDD05}.Debug|Mixed Platforms.Build.0 = Debug|x86
		{9C4CA251-0DB6-4E8A-B43B-78EF283EDD05}.Debug|x86.ActiveCfg = Debug|x86
		{9C4CA251-0DB6-4E8A-B43B-78EF283EDD05}.Debug|x86.Build.0 = Debug|x86
		{9C4CA251-0DB6-4E8A-B43B-78EF283EDD05}.Release|Any CPU.ActiveCfg = Release|x86
		{9C4CA251-0DB6-4E8A-B43B-78EF283EDD05}.Release|iPhone.ActiveCfg = Release|x86
		{9C4CA251-0DB6-4E8A-B43B-78EF283EDD05}.Release|iPhoneSimulator.ActiveCfg = Release|x86
		{9C4CA251-0DB6-4E8A-B43B-78EF283EDD05}.Release|Mixed Platforms.ActiveCfg = Release|x86
		{9C4CA251-0DB6-4E8A-B43B-78EF283EDD05}.Release|Mixed Platforms.Build.0 = Release|x86
		{9C4CA251-0DB6-4E8A-B43B-78EF283EDD05}.Release|x86.ActiveCfg = Release|x86
		{9C4CA251-0DB6-4E8A-B43B-78EF283EDD05}.Release|x86.Build.0 = Release|x86
		{E7F00086-FFE7-4A2D-BA14-4624C8B4662F}.Ad-Hoc|Any CPU.ActiveCfg = Release|iPhone
		{E7F00086-FFE7-4A2D-BA14-4624C8B4662F}.Ad-Hoc|Any CPU.Build.0 = Release|iPhone
		{E7F00086-FFE7-4A2D-BA14-4624C8B4662F}.Ad-Hoc|iPhone.ActiveCfg = Release|iPhone
		{E7F00086-FFE7-4A2D-BA14-4624C8B4662F}.Ad-Hoc|iPhone.Build.0 = Release|iPhone
		{E7F00086-FFE7-4A2D-BA14-4624C8B4662F}.Ad-Hoc|iPhoneSimulator.ActiveCfg = Release|iPhone
		{E7F00086-FFE7-4A2D-BA14-4624C8B4662F}.Ad-Hoc|iPhoneSimulator.Build.0 = Release|iPhone
		{E7F00086-FFE7-4A2D-BA14-4624C8B4662F}.Ad-Hoc|Mixed Platforms.ActiveCfg = Release|iPhone
		{E7F00086-FFE7-4A2D-BA14-4624C8B4662F}.Ad-Hoc|Mixed Platforms.Build.0 = Release|iPhone
		{E7F00086-FFE7-4A2D-BA14-4624C8B4662F}.Ad-Hoc|x86.ActiveCfg = Release|iPhone
		{E7F00086-FFE7-4A2D-BA14-4624C8B4662F}.Ad-Hoc|x86.Build.0 = Release|iPhone
		{E7F00086-FFE7-4A2D-BA14-4624C8B4662F}.AppStore|Any CPU.ActiveCfg = Release|iPhone
		{E7F00086-FFE7-4A2D-BA14-4624C8B4662F}.AppStore|Any CPU.Build.0 = Release|iPhone
		{E7F00086-FFE7-4A2D-BA14-4624C8B4662F}.AppStore|iPhone.ActiveCfg = Release|iPhone
		{E7F00086-FFE7-4A2D-BA14-4624C8B4662F}.AppStore|iPhone.Build.0 = Release|iPhone
		{E7F00086-FFE7-4A2D-BA14-4624C8B4662F}.AppStore|iPhoneSimulator.ActiveCfg = Release|iPhone
		{E7F00086-FFE7-4A2D-BA14-4624C8B4662F}.AppStore|iPhoneSimulator.Build.0 = Release|iPhone
		{E7F00086-FFE7-4A2D-BA14-4624C8B4662F}.AppStore|Mixed Platforms.ActiveCfg = Release|iPhone
		{E7F00086-FFE7-4A2D-BA14-4624C8B4662F}.AppStore|Mixed Platforms.Build.0 = Release|iPhone
		{E7F00086-FFE7-4A2D-BA14-4624C8B4662F}.AppStore|x86.ActiveCfg = Release|iPhone
		{E7F00086-FFE7-4A2D-BA14-4624C8B4662F}.AppStore|x86.Build.0 = Release|iPhone
		{E7F00086-FFE7-4A2D-BA14-4624C8B4662F}.Debug|Any CPU.ActiveCfg = Debug|iPhone
		{E7F00086-FFE7-4A2D-BA14-4624C8B4662F}.Debug|Any CPU.Build.0 = Debug|iPhone
		{E7F00086-FFE7-4A2D-BA14-4624C8B4662F}.Debug|iPhone.ActiveCfg = Debug|iPhone
		{E7F00086-FFE7-4A2D-BA14-4624C8B4662F}.Debug|iPhone.Build.0 = Debug|iPhone
		{E7F00086-FFE7-4A2D-BA14-4624C8B4662F}.Debug|iPhoneSimulator.ActiveCfg = Debug|iPhone
		{E7F00086-FFE7-4A2D-BA14-4624C8B4662F}.Debug|iPhoneSimulator.Build.0 = Debug|iPhone
		{E7F00086-FFE7-4A2D-BA14-4624C8B4662F}.Debug|Mixed Platforms.ActiveCfg = Debug|iPhone
		{E7F00086-FFE7-4A2D-BA14-4624C8B4662F}.Debug|Mixed Platforms.Build.0 = Debug|iPhone
		{E7F00086-FFE7-4A2D-BA14-4624C8B4662F}.Debug|x86.ActiveCfg = Debug|iPhone
		{E7F00086-FFE7-4A2D-BA14-4624C8B4662F}.Debug|x86.Build.0 = Debug|iPhone
		{E7F00086-FFE7-4A2D-BA14-4624C8B4662F}.Release|Any CPU.ActiveCfg = Release|iPhone
		{E7F00086-FFE7-4A2D-BA14-4624C8B4662F}.Release|Any CPU.Build.0 = Release|iPhone
		{E7F00086-FFE7-4A2D-BA14-4624C8B4662F}.Release|iPhone.ActiveCfg = Release|iPhone
		{E7F00086-FFE7-4A2D-BA14-4624C8B4662F}.Release|iPhone.Build.0 = Release|iPhone
		{E7F00086-FFE7-4A2D-BA14-4624C8B4662F}.Release|iPhoneSimulator.ActiveCfg = Release|iPhone
		{E7F00086-FFE7-4A2D-BA14-4624C8B4662F}.Release|iPhoneSimulator.Build.0 = Release|iPhone
		{E7F00086-FFE7-4A2D-BA14-4624C8B4662F}.Release|Mixed Platforms.ActiveCfg = Release|iPhone
		{E7F00086-FFE7-4A2D-BA14-4624C8B4662F}.Release|Mixed Platforms.Build.0 = Release|iPhone
		{E7F00086-FFE7-4A2D-BA14-4624C8B4662F}.Release|x86.ActiveCfg = Release|iPhone
		{E7F00086-FFE7-4A2D-BA14-4624C8B4662F}.Release|x86.Build.0 = Release|iPhone
	EndGlobalSection
	GlobalSection(NestedProjects) = preSolution
	EndGlobalSection
	GlobalSection(MonoDevelopProperties) = preSolution
		StartupItem = ExtendedDisplay.Client.MacOsX\ExtendedDisplay.Client.MacOsX.csproj
	EndGlobalSection
	GlobalSection(SolutionProperties) = preSolution
		HideSolutionNode = FALSE
	EndGlobalSection
EndGlobal
