
Microsoft Visual Studio Solution File, Format Version 12.00
# Visual Studio 2012
Project("{2150E333-8FDC-42A3-9474-1A3956D46DE8}") = "Dependencies", "Dependencies", "{B936294D-89FC-414A-92D2-31F2EA37DDAC}"
	ProjectSection(SolutionItems) = preProject
		Dependencies\Newtonsoft.Json.dll = Dependencies\Newtonsoft.Json.dll
	EndProjectSection
EndProject
Project("{FAE04EC0-301F-11D3-BF4B-00C04F79EFBC}") = "ExtendedDisplay.Framework.Win", "ExtendedDisplay.Framework.Win\ExtendedDisplay.Framework.Win.csproj", "{050029FA-5FA6-45E0-A49F-DEABDCDF9DA9}"
EndProject
Project("{FAE04EC0-301F-11D3-BF4B-00C04F79EFBC}") = "ExtendedDisplay.Client.Android", "ExtendedDisplay.Client.Android\ExtendedDisplay.Client.Android.csproj", "{69A3EF0D-E070-4B17-85BA-4D2E03BFA2ED}"
EndProject
Project("{FAE04EC0-301F-11D3-BF4B-00C04F79EFBC}") = "ExtendedDisplay.Client.Console", "ExtendedDisplay.Client.Console\ExtendedDisplay.Client.Console.csproj", "{662C691F-89C8-4EBD-A0A9-C870A019B510}"
EndProject
Project("{FAE04EC0-301F-11D3-BF4B-00C04F79EFBC}") = "ExtendedDisplay.Client.iOS", "ExtendedDisplay.Client.iOS\ExtendedDisplay.Client.iOS.csproj", "{0D9CCF18-A89B-49E2-9D3E-787283A36F39}"
EndProject
Project("{FAE04EC0-301F-11D3-BF4B-00C04F79EFBC}") = "ExtendedDisplay.Client.WinForms", "ExtendedDisplay.Client.WinForms\ExtendedDisplay.Client.WinForms.csproj", "{2DAE7F56-2EC9-4B47-A936-C77B80FFC294}"
EndProject
Project("{FAE04EC0-301F-11D3-BF4B-00C04F79EFBC}") = "ExtendedDisplay.Server.Console", "ExtendedDisplay.Server.Console\ExtendedDisplay.Server.Console.csproj", "{9C4CA251-0DB6-4E8A-B43B-78EF283EDD05}"
EndProject
Project("{FAE04EC0-301F-11D3-BF4B-00C04F79EFBC}") = "ExtendedDisplay.Server.MacConsole", "ExtendedDisplay.Server.MacConsole\ExtendedDisplay.Server.MacConsole.csproj", "{A0925B16-9E10-44D2-A478-C693FEAC1E39}"
EndProject
Project("{FAE04EC0-301F-11D3-BF4B-00C04F79EFBC}") = "ExtendedDisplay.Framework.Android", "ExtendedDisplay.Framework.Android\ExtendedDisplay.Framework.Android.csproj", "{C2A33D72-E109-4D17-9DCA-893C3072A86B}"
EndProject
Project("{FAE04EC0-301F-11D3-BF4B-00C04F79EFBC}") = "ExtendedDisplay.Framework.iOS", "ExtendedDisplay.Framework.iOS\ExtendedDisplay.Framework.iOS.csproj", "{DFA52ADF-DDB8-4014-B91D-108E61C9A539}"
EndProject
Project("{FAE04EC0-301F-11D3-BF4B-00C04F79EFBC}") = "ExtendedDisplay.Server.iOS", "ExtendedDisplay.Server.iOS\ExtendedDisplay.Server.iOS.csproj", "{5509E9E3-F811-47DD-A366-18B4B51EEC69}"
EndProject
Project("{FAE04EC0-301F-11D3-BF4B-00C04F79EFBC}") = "ExtendedDisplay.Server.Android", "ExtendedDisplay.Server.Android\ExtendedDisplay.Server.Android.csproj", "{6FAA673A-82AB-42BF-8362-712EE5D08016}"
EndProject
Global
	GlobalSection(SolutionConfigurationPlatforms) = preSolution
		Ad-Hoc|Any CPU = Ad-Hoc|Any CPU
		Ad-Hoc|iPhone = Ad-Hoc|iPhone
		Ad-Hoc|iPhoneSimulator = Ad-Hoc|iPhoneSimulator
		Ad-Hoc|Mixed Platforms = Ad-Hoc|Mixed Platforms
		Ad-Hoc|x86 = Ad-Hoc|x86
		AppStore|Any CPU = AppStore|Any CPU
		AppStore|iPhone = AppStore|iPhone
		AppStore|iPhoneSimulator = AppStore|iPhoneSimulator
		AppStore|Mixed Platforms = AppStore|Mixed Platforms
		AppStore|x86 = AppStore|x86
		Debug|Any CPU = Debug|Any CPU
		Debug|iPhone = Debug|iPhone
		Debug|iPhoneSimulator = Debug|iPhoneSimulator
		Debug|Mixed Platforms = Debug|Mixed Platforms
		Debug|x86 = Debug|x86
		Release|Any CPU = Release|Any CPU
		Release|iPhone = Release|iPhone
		Release|iPhoneSimulator = Release|iPhoneSimulator
		Release|Mixed Platforms = Release|Mixed Platforms
		Release|x86 = Release|x86
	EndGlobalSection
	GlobalSection(ProjectConfigurationPlatforms) = postSolution
		{050029FA-5FA6-45E0-A49F-DEABDCDF9DA9}.Ad-Hoc|Any CPU.ActiveCfg = Release|Any CPU
		{050029FA-5FA6-45E0-A49F-DEABDCDF9DA9}.Ad-Hoc|Any CPU.Build.0 = Release|Any CPU
		{050029FA-5FA6-45E0-A49F-DEABDCDF9DA9}.Ad-Hoc|iPhone.ActiveCfg = Release|Any CPU
		{050029FA-5FA6-45E0-A49F-DEABDCDF9DA9}.Ad-Hoc|iPhoneSimulator.ActiveCfg = Release|Any CPU
		{050029FA-5FA6-45E0-A49F-DEABDCDF9DA9}.Ad-Hoc|Mixed Platforms.ActiveCfg = Release|Any CPU
		{050029FA-5FA6-45E0-A49F-DEABDCDF9DA9}.Ad-Hoc|Mixed Platforms.Build.0 = Release|Any CPU
		{050029FA-5FA6-45E0-A49F-DEABDCDF9DA9}.Ad-Hoc|x86.ActiveCfg = Release|Any CPU
		{050029FA-5FA6-45E0-A49F-DEABDCDF9DA9}.AppStore|Any CPU.ActiveCfg = Release|Any CPU
		{050029FA-5FA6-45E0-A49F-DEABDCDF9DA9}.AppStore|Any CPU.Build.0 = Release|Any CPU
		{050029FA-5FA6-45E0-A49F-DEABDCDF9DA9}.AppStore|iPhone.ActiveCfg = Release|Any CPU
		{050029FA-5FA6-45E0-A49F-DEABDCDF9DA9}.AppStore|iPhoneSimulator.ActiveCfg = Release|Any CPU
		{050029FA-5FA6-45E0-A49F-DEABDCDF9DA9}.AppStore|Mixed Platforms.ActiveCfg = Release|Any CPU
		{050029FA-5FA6-45E0-A49F-DEABDCDF9DA9}.AppStore|Mixed Platforms.Build.0 = Release|Any CPU
		{050029FA-5FA6-45E0-A49F-DEABDCDF9DA9}.AppStore|x86.ActiveCfg = Release|Any CPU
		{050029FA-5FA6-45E0-A49F-DEABDCDF9DA9}.Debug|Any CPU.ActiveCfg = Debug|Any CPU
		{050029FA-5FA6-45E0-A49F-DEABDCDF9DA9}.Debug|Any CPU.Build.0 = Debug|Any CPU
		{050029FA-5FA6-45E0-A49F-DEABDCDF9DA9}.Debug|iPhone.ActiveCfg = Debug|Any CPU
		{050029FA-5FA6-45E0-A49F-DEABDCDF9DA9}.Debug|iPhoneSimulator.ActiveCfg = Debug|Any CPU
		{050029FA-5FA6-45E0-A49F-DEABDCDF9DA9}.Debug|Mixed Platforms.ActiveCfg = Debug|Any CPU
		{050029FA-5FA6-45E0-A49F-DEABDCDF9DA9}.Debug|Mixed Platforms.Build.0 = Debug|Any CPU
		{050029FA-5FA6-45E0-A49F-DEABDCDF9DA9}.Debug|x86.ActiveCfg = Debug|Any CPU
		{050029FA-5FA6-45E0-A49F-DEABDCDF9DA9}.Release|Any CPU.ActiveCfg = Release|Any CPU
		{050029FA-5FA6-45E0-A49F-DEABDCDF9DA9}.Release|Any CPU.Build.0 = Release|Any CPU
		{050029FA-5FA6-45E0-A49F-DEABDCDF9DA9}.Release|iPhone.ActiveCfg = Release|Any CPU
		{050029FA-5FA6-45E0-A49F-DEABDCDF9DA9}.Release|iPhoneSimulator.ActiveCfg = Release|Any CPU
		{050029FA-5FA6-45E0-A49F-DEABDCDF9DA9}.Release|Mixed Platforms.ActiveCfg = Release|Any CPU
		{050029FA-5FA6-45E0-A49F-DEABDCDF9DA9}.Release|Mixed Platforms.Build.0 = Release|Any CPU
		{050029FA-5FA6-45E0-A49F-DEABDCDF9DA9}.Release|x86.ActiveCfg = Release|Any CPU
		{0D9CCF18-A89B-49E2-9D3E-787283A36F39}.Ad-Hoc|Any CPU.ActiveCfg = Ad-Hoc|iPhone
		{0D9CCF18-A89B-49E2-9D3E-787283A36F39}.Ad-Hoc|iPhone.ActiveCfg = Ad-Hoc|iPhone
		{0D9CCF18-A89B-49E2-9D3E-787283A36F39}.Ad-Hoc|iPhone.Build.0 = Ad-Hoc|iPhone
		{0D9CCF18-A89B-49E2-9D3E-787283A36F39}.Ad-Hoc|iPhone.Deploy.0 = Ad-Hoc|iPhone
		{0D9CCF18-A89B-49E2-9D3E-787283A36F39}.Ad-Hoc|iPhoneSimulator.ActiveCfg = Ad-Hoc|iPhoneSimulator
		{0D9CCF18-A89B-49E2-9D3E-787283A36F39}.Ad-Hoc|iPhoneSimulator.Build.0 = Ad-Hoc|iPhoneSimulator
		{0D9CCF18-A89B-49E2-9D3E-787283A36F39}.Ad-Hoc|iPhoneSimulator.Deploy.0 = Ad-Hoc|iPhoneSimulator
		{0D9CCF18-A89B-49E2-9D3E-787283A36F39}.Ad-Hoc|Mixed Platforms.ActiveCfg = Ad-Hoc|iPhone
		{0D9CCF18-A89B-49E2-9D3E-787283A36F39}.Ad-Hoc|Mixed Platforms.Build.0 = Ad-Hoc|iPhone
		{0D9CCF18-A89B-49E2-9D3E-787283A36F39}.Ad-Hoc|Mixed Platforms.Deploy.0 = Ad-Hoc|iPhone
		{0D9CCF18-A89B-49E2-9D3E-787283A36F39}.Ad-Hoc|x86.ActiveCfg = Ad-Hoc|iPhone
		{0D9CCF18-A89B-49E2-9D3E-787283A36F39}.AppStore|Any CPU.ActiveCfg = AppStore|iPhone
		{0D9CCF18-A89B-49E2-9D3E-787283A36F39}.AppStore|iPhone.ActiveCfg = AppStore|iPhone
		{0D9CCF18-A89B-49E2-9D3E-787283A36F39}.AppStore|iPhone.Build.0 = AppStore|iPhone
		{0D9CCF18-A89B-49E2-9D3E-787283A36F39}.AppStore|iPhone.Deploy.0 = AppStore|iPhone
		{0D9CCF18-A89B-49E2-9D3E-787283A36F39}.AppStore|iPhoneSimulator.ActiveCfg = AppStore|iPhoneSimulator
		{0D9CCF18-A89B-49E2-9D3E-787283A36F39}.AppStore|iPhoneSimulator.Build.0 = AppStore|iPhoneSimulator
		{0D9CCF18-A89B-49E2-9D3E-787283A36F39}.AppStore|iPhoneSimulator.Deploy.0 = AppStore|iPhoneSimulator
		{0D9CCF18-A89B-49E2-9D3E-787283A36F39}.AppStore|Mixed Platforms.ActiveCfg = AppStore|iPhone
		{0D9CCF18-A89B-49E2-9D3E-787283A36F39}.AppStore|Mixed Platforms.Build.0 = AppStore|iPhone
		{0D9CCF18-A89B-49E2-9D3E-787283A36F39}.AppStore|Mixed Platforms.Deploy.0 = AppStore|iPhone
		{0D9CCF18-A89B-49E2-9D3E-787283A36F39}.AppStore|x86.ActiveCfg = AppStore|iPhone
		{0D9CCF18-A89B-49E2-9D3E-787283A36F39}.Debug|Any CPU.ActiveCfg = Debug|iPhone
		{0D9CCF18-A89B-49E2-9D3E-787283A36F39}.Debug|iPhone.ActiveCfg = Debug|iPhone
		{0D9CCF18-A89B-49E2-9D3E-787283A36F39}.Debug|iPhone.Build.0 = Debug|iPhone
		{0D9CCF18-A89B-49E2-9D3E-787283A36F39}.Debug|iPhone.Deploy.0 = Debug|iPhone
		{0D9CCF18-A89B-49E2-9D3E-787283A36F39}.Debug|iPhoneSimulator.ActiveCfg = Debug|iPhoneSimulator
		{0D9CCF18-A89B-49E2-9D3E-787283A36F39}.Debug|iPhoneSimulator.Build.0 = Debug|iPhoneSimulator
		{0D9CCF18-A89B-49E2-9D3E-787283A36F39}.Debug|iPhoneSimulator.Deploy.0 = Debug|iPhoneSimulator
		{0D9CCF18-A89B-49E2-9D3E-787283A36F39}.Debug|Mixed Platforms.ActiveCfg = Debug|iPhone
		{0D9CCF18-A89B-49E2-9D3E-787283A36F39}.Debug|Mixed Platforms.Build.0 = Debug|iPhone
		{0D9CCF18-A89B-49E2-9D3E-787283A36F39}.Debug|Mixed Platforms.Deploy.0 = Debug|iPhone
		{0D9CCF18-A89B-49E2-9D3E-787283A36F39}.Debug|x86.ActiveCfg = Debug|iPhone
		{0D9CCF18-A89B-49E2-9D3E-787283A36F39}.Release|Any CPU.ActiveCfg = Release|iPhone
		{0D9CCF18-A89B-49E2-9D3E-787283A36F39}.Release|iPhone.ActiveCfg = Release|iPhone
		{0D9CCF18-A89B-49E2-9D3E-787283A36F39}.Release|iPhone.Build.0 = Release|iPhone
		{0D9CCF18-A89B-49E2-9D3E-787283A36F39}.Release|iPhone.Deploy.0 = Release|iPhone
		{0D9CCF18-A89B-49E2-9D3E-787283A36F39}.Release|iPhoneSimulator.ActiveCfg = Release|iPhoneSimulator
		{0D9CCF18-A89B-49E2-9D3E-787283A36F39}.Release|iPhoneSimulator.Build.0 = Release|iPhoneSimulator
		{0D9CCF18-A89B-49E2-9D3E-787283A36F39}.Release|iPhoneSimulator.Deploy.0 = Release|iPhoneSimulator
		{0D9CCF18-A89B-49E2-9D3E-787283A36F39}.Release|Mixed Platforms.ActiveCfg = Release|iPhone
		{0D9CCF18-A89B-49E2-9D3E-787283A36F39}.Release|Mixed Platforms.Build.0 = Release|iPhone
		{0D9CCF18-A89B-49E2-9D3E-787283A36F39}.Release|Mixed Platforms.Deploy.0 = Release|iPhone
		{0D9CCF18-A89B-49E2-9D3E-787283A36F39}.Release|x86.ActiveCfg = Release|iPhone
		{2DAE7F56-2EC9-4B47-A936-C77B80FFC294}.Ad-Hoc|Any CPU.ActiveCfg = Release|x86
		{2DAE7F56-2EC9-4B47-A936-C77B80FFC294}.Ad-Hoc|iPhone.ActiveCfg = Release|x86
		{2DAE7F56-2EC9-4B47-A936-C77B80FFC294}.Ad-Hoc|iPhoneSimulator.ActiveCfg = Release|x86
		{2DAE7F56-2EC9-4B47-A936-C77B80FFC294}.Ad-Hoc|Mixed Platforms.ActiveCfg = Release|x86
		{2DAE7F56-2EC9-4B47-A936-C77B80FFC294}.Ad-Hoc|Mixed Platforms.Build.0 = Release|x86
		{2DAE7F56-2EC9-4B47-A936-C77B80FFC294}.Ad-Hoc|x86.ActiveCfg = Release|x86
		{2DAE7F56-2EC9-4B47-A936-C77B80FFC294}.Ad-Hoc|x86.Build.0 = Release|x86
		{2DAE7F56-2EC9-4B47-A936-C77B80FFC294}.AppStore|Any CPU.ActiveCfg = Release|x86
		{2DAE7F56-2EC9-4B47-A936-C77B80FFC294}.AppStore|iPhone.ActiveCfg = Release|x86
		{2DAE7F56-2EC9-4B47-A936-C77B80FFC294}.AppStore|iPhoneSimulator.ActiveCfg = Release|x86
		{2DAE7F56-2EC9-4B47-A936-C77B80FFC294}.AppStore|Mixed Platforms.ActiveCfg = Release|x86
		{2DAE7F56-2EC9-4B47-A936-C77B80FFC294}.AppStore|Mixed Platforms.Build.0 = Release|x86
		{2DAE7F56-2EC9-4B47-A936-C77B80FFC294}.AppStore|x86.ActiveCfg = Release|x86
		{2DAE7F56-2EC9-4B47-A936-C77B80FFC294}.AppStore|x86.Build.0 = Release|x86
		{2DAE7F56-2EC9-4B47-A936-C77B80FFC294}.Debug|Any CPU.ActiveCfg = Debug|x86
		{2DAE7F56-2EC9-4B47-A936-C77B80FFC294}.Debug|iPhone.ActiveCfg = Debug|x86
		{2DAE7F56-2EC9-4B47-A936-C77B80FFC294}.Debug|iPhoneSimulator.ActiveCfg = Debug|x86
		{2DAE7F56-2EC9-4B47-A936-C77B80FFC294}.Debug|Mixed Platforms.ActiveCfg = Debug|x86
		{2DAE7F56-2EC9-4B47-A936-C77B80FFC294}.Debug|Mixed Platforms.Build.0 = Debug|x86
		{2DAE7F56-2EC9-4B47-A936-C77B80FFC294}.Debug|x86.ActiveCfg = Debug|x86
		{2DAE7F56-2EC9-4B47-A936-C77B80FFC294}.Debug|x86.Build.0 = Debug|x86
		{2DAE7F56-2EC9-4B47-A936-C77B80FFC294}.Release|Any CPU.ActiveCfg = Release|x86
		{2DAE7F56-2EC9-4B47-A936-C77B80FFC294}.Release|iPhone.ActiveCfg = Release|x86
		{2DAE7F56-2EC9-4B47-A936-C77B80FFC294}.Release|iPhoneSimulator.ActiveCfg = Release|x86
		{2DAE7F56-2EC9-4B47-A936-C77B80FFC294}.Release|Mixed Platforms.ActiveCfg = Release|x86
		{2DAE7F56-2EC9-4B47-A936-C77B80FFC294}.Release|Mixed Platforms.Build.0 = Release|x86
		{2DAE7F56-2EC9-4B47-A936-C77B80FFC294}.Release|x86.ActiveCfg = Release|x86
		{2DAE7F56-2EC9-4B47-A936-C77B80FFC294}.Release|x86.Build.0 = Release|x86
		{5509E9E3-F811-47DD-A366-18B4B51EEC69}.Ad-Hoc|Any CPU.ActiveCfg = Ad-Hoc|iPhone
		{5509E9E3-F811-47DD-A366-18B4B51EEC69}.Ad-Hoc|Any CPU.Build.0 = Ad-Hoc|iPhone
		{5509E9E3-F811-47DD-A366-18B4B51EEC69}.Ad-Hoc|iPhone.ActiveCfg = Ad-Hoc|iPhone
		{5509E9E3-F811-47DD-A366-18B4B51EEC69}.Ad-Hoc|iPhone.Build.0 = Ad-Hoc|iPhone
		{5509E9E3-F811-47DD-A366-18B4B51EEC69}.Ad-Hoc|iPhoneSimulator.ActiveCfg = Debug|iPhoneSimulator
		{5509E9E3-F811-47DD-A366-18B4B51EEC69}.Ad-Hoc|iPhoneSimulator.Build.0 = Debug|iPhoneSimulator
		{5509E9E3-F811-47DD-A366-18B4B51EEC69}.Ad-Hoc|Mixed Platforms.ActiveCfg = Ad-Hoc|iPhone
		{5509E9E3-F811-47DD-A366-18B4B51EEC69}.Ad-Hoc|Mixed Platforms.Build.0 = Ad-Hoc|iPhone
		{5509E9E3-F811-47DD-A366-18B4B51EEC69}.Ad-Hoc|x86.ActiveCfg = Ad-Hoc|iPhone
		{5509E9E3-F811-47DD-A366-18B4B51EEC69}.Ad-Hoc|x86.Build.0 = Ad-Hoc|iPhone
		{5509E9E3-F811-47DD-A366-18B4B51EEC69}.AppStore|Any CPU.ActiveCfg = AppStore|iPhone
		{5509E9E3-F811-47DD-A366-18B4B51EEC69}.AppStore|Any CPU.Build.0 = AppStore|iPhone
		{5509E9E3-F811-47DD-A366-18B4B51EEC69}.AppStore|iPhone.ActiveCfg = AppStore|iPhone
		{5509E9E3-F811-47DD-A366-18B4B51EEC69}.AppStore|iPhone.Build.0 = AppStore|iPhone
		{5509E9E3-F811-47DD-A366-18B4B51EEC69}.AppStore|iPhoneSimulator.ActiveCfg = Debug|iPhoneSimulator
		{5509E9E3-F811-47DD-A366-18B4B51EEC69}.AppStore|iPhoneSimulator.Build.0 = Debug|iPhoneSimulator
		{5509E9E3-F811-47DD-A366-18B4B51EEC69}.AppStore|Mixed Platforms.ActiveCfg = AppStore|iPhone
		{5509E9E3-F811-47DD-A366-18B4B51EEC69}.AppStore|Mixed Platforms.Build.0 = AppStore|iPhone
		{5509E9E3-F811-47DD-A366-18B4B51EEC69}.AppStore|x86.ActiveCfg = AppStore|iPhone
		{5509E9E3-F811-47DD-A366-18B4B51EEC69}.AppStore|x86.Build.0 = AppStore|iPhone
		{5509E9E3-F811-47DD-A366-18B4B51EEC69}.Debug|Any CPU.ActiveCfg = Debug|iPhoneSimulator
		{5509E9E3-F811-47DD-A366-18B4B51EEC69}.Debug|Any CPU.Build.0 = Debug|iPhoneSimulator
		{5509E9E3-F811-47DD-A366-18B4B51EEC69}.Debug|iPhone.ActiveCfg = Debug|iPhone
		{5509E9E3-F811-47DD-A366-18B4B51EEC69}.Debug|iPhone.Build.0 = Debug|iPhone
		{5509E9E3-F811-47DD-A366-18B4B51EEC69}.Debug|iPhoneSimulator.ActiveCfg = Debug|iPhoneSimulator
		{5509E9E3-F811-47DD-A366-18B4B51EEC69}.Debug|iPhoneSimulator.Build.0 = Debug|iPhoneSimulator
		{5509E9E3-F811-47DD-A366-18B4B51EEC69}.Debug|Mixed Platforms.ActiveCfg = Debug|iPhoneSimulator
		{5509E9E3-F811-47DD-A366-18B4B51EEC69}.Debug|Mixed Platforms.Build.0 = Debug|iPhoneSimulator
		{5509E9E3-F811-47DD-A366-18B4B51EEC69}.Debug|x86.ActiveCfg = Debug|iPhoneSimulator
		{5509E9E3-F811-47DD-A366-18B4B51EEC69}.Debug|x86.Build.0 = Debug|iPhoneSimulator
		{5509E9E3-F811-47DD-A366-18B4B51EEC69}.Release|Any CPU.ActiveCfg = Release|iPhoneSimulator
		{5509E9E3-F811-47DD-A366-18B4B51EEC69}.Release|Any CPU.Build.0 = Release|iPhoneSimulator
		{5509E9E3-F811-47DD-A366-18B4B51EEC69}.Release|iPhone.ActiveCfg = Release|iPhone
		{5509E9E3-F811-47DD-A366-18B4B51EEC69}.Release|iPhone.Build.0 = Release|iPhone
		{5509E9E3-F811-47DD-A366-18B4B51EEC69}.Release|iPhoneSimulator.ActiveCfg = Release|iPhoneSimulator
		{5509E9E3-F811-47DD-A366-18B4B51EEC69}.Release|iPhoneSimulator.Build.0 = Release|iPhoneSimulator
		{5509E9E3-F811-47DD-A366-18B4B51EEC69}.Release|Mixed Platforms.ActiveCfg = Release|iPhoneSimulator
		{5509E9E3-F811-47DD-A366-18B4B51EEC69}.Release|Mixed Platforms.Build.0 = Release|iPhoneSimulator
		{5509E9E3-F811-47DD-A366-18B4B51EEC69}.Release|x86.ActiveCfg = Release|iPhoneSimulator
		{5509E9E3-F811-47DD-A366-18B4B51EEC69}.Release|x86.Build.0 = Release|iPhoneSimulator
		{662C691F-89C8-4EBD-A0A9-C870A019B510}.Ad-Hoc|Any CPU.ActiveCfg = Release|x86
		{662C691F-89C8-4EBD-A0A9-C870A019B510}.Ad-Hoc|iPhone.ActiveCfg = Release|x86
		{662C691F-89C8-4EBD-A0A9-C870A019B510}.Ad-Hoc|iPhoneSimulator.ActiveCfg = Release|x86
		{662C691F-89C8-4EBD-A0A9-C870A019B510}.Ad-Hoc|Mixed Platforms.ActiveCfg = Release|x86
		{662C691F-89C8-4EBD-A0A9-C870A019B510}.Ad-Hoc|Mixed Platforms.Build.0 = Release|x86
		{662C691F-89C8-4EBD-A0A9-C870A019B510}.Ad-Hoc|x86.ActiveCfg = Release|x86
		{662C691F-89C8-4EBD-A0A9-C870A019B510}.Ad-Hoc|x86.Build.0 = Release|x86
		{662C691F-89C8-4EBD-A0A9-C870A019B510}.AppStore|Any CPU.ActiveCfg = Release|x86
		{662C691F-89C8-4EBD-A0A9-C870A019B510}.AppStore|iPhone.ActiveCfg = Release|x86
		{662C691F-89C8-4EBD-A0A9-C870A019B510}.AppStore|iPhoneSimulator.ActiveCfg = Release|x86
		{662C691F-89C8-4EBD-A0A9-C870A019B510}.AppStore|Mixed Platforms.ActiveCfg = Release|x86
		{662C691F-89C8-4EBD-A0A9-C870A019B510}.AppStore|Mixed Platforms.Build.0 = Release|x86
		{662C691F-89C8-4EBD-A0A9-C870A019B510}.AppStore|x86.ActiveCfg = Release|x86
		{662C691F-89C8-4EBD-A0A9-C870A019B510}.AppStore|x86.Build.0 = Release|x86
		{662C691F-89C8-4EBD-A0A9-C870A019B510}.Debug|Any CPU.ActiveCfg = Debug|x86
		{662C691F-89C8-4EBD-A0A9-C870A019B510}.Debug|iPhone.ActiveCfg = Debug|x86
		{662C691F-89C8-4EBD-A0A9-C870A019B510}.Debug|iPhoneSimulator.ActiveCfg = Debug|x86
		{662C691F-89C8-4EBD-A0A9-C870A019B510}.Debug|Mixed Platforms.ActiveCfg = Debug|x86
		{662C691F-89C8-4EBD-A0A9-C870A019B510}.Debug|Mixed Platforms.Build.0 = Debug|x86
		{662C691F-89C8-4EBD-A0A9-C870A019B510}.Debug|x86.ActiveCfg = Debug|x86
		{662C691F-89C8-4EBD-A0A9-C870A019B510}.Debug|x86.Build.0 = Debug|x86
		{662C691F-89C8-4EBD-A0A9-C870A019B510}.Release|Any CPU.ActiveCfg = Release|x86
		{662C691F-89C8-4EBD-A0A9-C870A019B510}.Release|iPhone.ActiveCfg = Release|x86
		{662C691F-89C8-4EBD-A0A9-C870A019B510}.Release|iPhoneSimulator.ActiveCfg = Release|x86
		{662C691F-89C8-4EBD-A0A9-C870A019B510}.Release|Mixed Platforms.ActiveCfg = Release|x86
		{662C691F-89C8-4EBD-A0A9-C870A019B510}.Release|Mixed Platforms.Build.0 = Release|x86
		{662C691F-89C8-4EBD-A0A9-C870A019B510}.Release|x86.ActiveCfg = Release|x86
		{662C691F-89C8-4EBD-A0A9-C870A019B510}.Release|x86.Build.0 = Release|x86
		{69A3EF0D-E070-4B17-85BA-4D2E03BFA2ED}.Ad-Hoc|Any CPU.ActiveCfg = Release|Any CPU
		{69A3EF0D-E070-4B17-85BA-4D2E03BFA2ED}.Ad-Hoc|Any CPU.Build.0 = Release|Any CPU
		{69A3EF0D-E070-4B17-85BA-4D2E03BFA2ED}.Ad-Hoc|Any CPU.Deploy.0 = Release|Any CPU
		{69A3EF0D-E070-4B17-85BA-4D2E03BFA2ED}.Ad-Hoc|iPhone.ActiveCfg = Release|Any CPU
		{69A3EF0D-E070-4B17-85BA-4D2E03BFA2ED}.Ad-Hoc|iPhoneSimulator.ActiveCfg = Release|Any CPU
		{69A3EF0D-E070-4B17-85BA-4D2E03BFA2ED}.Ad-Hoc|Mixed Platforms.ActiveCfg = Release|Any CPU
		{69A3EF0D-E070-4B17-85BA-4D2E03BFA2ED}.Ad-Hoc|Mixed Platforms.Build.0 = Release|Any CPU
		{69A3EF0D-E070-4B17-85BA-4D2E03BFA2ED}.Ad-Hoc|Mixed Platforms.Deploy.0 = Release|Any CPU
		{69A3EF0D-E070-4B17-85BA-4D2E03BFA2ED}.Ad-Hoc|x86.ActiveCfg = Release|Any CPU
		{69A3EF0D-E070-4B17-85BA-4D2E03BFA2ED}.AppStore|Any CPU.ActiveCfg = Release|Any CPU
		{69A3EF0D-E070-4B17-85BA-4D2E03BFA2ED}.AppStore|Any CPU.Build.0 = Release|Any CPU
		{69A3EF0D-E070-4B17-85BA-4D2E03BFA2ED}.AppStore|Any CPU.Deploy.0 = Release|Any CPU
		{69A3EF0D-E070-4B17-85BA-4D2E03BFA2ED}.AppStore|iPhone.ActiveCfg = Release|Any CPU
		{69A3EF0D-E070-4B17-85BA-4D2E03BFA2ED}.AppStore|iPhoneSimulator.ActiveCfg = Release|Any CPU
		{69A3EF0D-E070-4B17-85BA-4D2E03BFA2ED}.AppStore|Mixed Platforms.ActiveCfg = Release|Any CPU
		{69A3EF0D-E070-4B17-85BA-4D2E03BFA2ED}.AppStore|Mixed Platforms.Build.0 = Release|Any CPU
		{69A3EF0D-E070-4B17-85BA-4D2E03BFA2ED}.AppStore|Mixed Platforms.Deploy.0 = Release|Any CPU
		{69A3EF0D-E070-4B17-85BA-4D2E03BFA2ED}.AppStore|x86.ActiveCfg = Release|Any CPU
		{69A3EF0D-E070-4B17-85BA-4D2E03BFA2ED}.Debug|Any CPU.ActiveCfg = Debug|Any CPU
		{69A3EF0D-E070-4B17-85BA-4D2E03BFA2ED}.Debug|Any CPU.Build.0 = Debug|Any CPU
		{69A3EF0D-E070-4B17-85BA-4D2E03BFA2ED}.Debug|Any CPU.Deploy.0 = Debug|Any CPU
		{69A3EF0D-E070-4B17-85BA-4D2E03BFA2ED}.Debug|iPhone.ActiveCfg = Debug|Any CPU
		{69A3EF0D-E070-4B17-85BA-4D2E03BFA2ED}.Debug|iPhoneSimulator.ActiveCfg = Debug|Any CPU
		{69A3EF0D-E070-4B17-85BA-4D2E03BFA2ED}.Debug|Mixed Platforms.ActiveCfg = Debug|Any CPU
		{69A3EF0D-E070-4B17-85BA-4D2E03BFA2ED}.Debug|Mixed Platforms.Build.0 = Debug|Any CPU
		{69A3EF0D-E070-4B17-85BA-4D2E03BFA2ED}.Debug|Mixed Platforms.Deploy.0 = Debug|Any CPU
		{69A3EF0D-E070-4B17-85BA-4D2E03BFA2ED}.Debug|x86.ActiveCfg = Debug|Any CPU
		{69A3EF0D-E070-4B17-85BA-4D2E03BFA2ED}.Release|Any CPU.ActiveCfg = Release|Any CPU
		{69A3EF0D-E070-4B17-85BA-4D2E03BFA2ED}.Release|Any CPU.Build.0 = Release|Any CPU
		{69A3EF0D-E070-4B17-85BA-4D2E03BFA2ED}.Release|Any CPU.Deploy.0 = Release|Any CPU
		{69A3EF0D-E070-4B17-85BA-4D2E03BFA2ED}.Release|iPhone.ActiveCfg = Release|Any CPU
		{69A3EF0D-E070-4B17-85BA-4D2E03BFA2ED}.Release|iPhoneSimulator.ActiveCfg = Release|Any CPU
		{69A3EF0D-E070-4B17-85BA-4D2E03BFA2ED}.Release|Mixed Platforms.ActiveCfg = Release|Any CPU
		{69A3EF0D-E070-4B17-85BA-4D2E03BFA2ED}.Release|Mixed Platforms.Build.0 = Release|Any CPU
		{69A3EF0D-E070-4B17-85BA-4D2E03BFA2ED}.Release|Mixed Platforms.Deploy.0 = Release|Any CPU
		{69A3EF0D-E070-4B17-85BA-4D2E03BFA2ED}.Release|x86.ActiveCfg = Release|Any CPU
		{6FAA673A-82AB-42BF-8362-712EE5D08016}.Ad-Hoc|Any CPU.ActiveCfg = Debug|Any CPU
		{6FAA673A-82AB-42BF-8362-712EE5D08016}.Ad-Hoc|Any CPU.Build.0 = Debug|Any CPU
		{6FAA673A-82AB-42BF-8362-712EE5D08016}.Ad-Hoc|iPhone.ActiveCfg = Debug|Any CPU
		{6FAA673A-82AB-42BF-8362-712EE5D08016}.Ad-Hoc|iPhone.Build.0 = Debug|Any CPU
		{6FAA673A-82AB-42BF-8362-712EE5D08016}.Ad-Hoc|iPhoneSimulator.ActiveCfg = Debug|Any CPU
		{6FAA673A-82AB-42BF-8362-712EE5D08016}.Ad-Hoc|iPhoneSimulator.Build.0 = Debug|Any CPU
		{6FAA673A-82AB-42BF-8362-712EE5D08016}.Ad-Hoc|Mixed Platforms.ActiveCfg = Debug|Any CPU
		{6FAA673A-82AB-42BF-8362-712EE5D08016}.Ad-Hoc|Mixed Platforms.Build.0 = Debug|Any CPU
		{6FAA673A-82AB-42BF-8362-712EE5D08016}.Ad-Hoc|x86.ActiveCfg = Debug|Any CPU
		{6FAA673A-82AB-42BF-8362-712EE5D08016}.Ad-Hoc|x86.Build.0 = Debug|Any CPU
		{6FAA673A-82AB-42BF-8362-712EE5D08016}.AppStore|Any CPU.ActiveCfg = Debug|Any CPU
		{6FAA673A-82AB-42BF-8362-712EE5D08016}.AppStore|Any CPU.Build.0 = Debug|Any CPU
		{6FAA673A-82AB-42BF-8362-712EE5D08016}.AppStore|iPhone.ActiveCfg = Debug|Any CPU
		{6FAA673A-82AB-42BF-8362-712EE5D08016}.AppStore|iPhone.Build.0 = Debug|Any CPU
		{6FAA673A-82AB-42BF-8362-712EE5D08016}.AppStore|iPhoneSimulator.ActiveCfg = Debug|Any CPU
		{6FAA673A-82AB-42BF-8362-712EE5D08016}.AppStore|iPhoneSimulator.Build.0 = Debug|Any CPU
		{6FAA673A-82AB-42BF-8362-712EE5D08016}.AppStore|Mixed Platforms.ActiveCfg = Debug|Any CPU
		{6FAA673A-82AB-42BF-8362-712EE5D08016}.AppStore|Mixed Platforms.Build.0 = Debug|Any CPU
		{6FAA673A-82AB-42BF-8362-712EE5D08016}.AppStore|x86.ActiveCfg = Debug|Any CPU
		{6FAA673A-82AB-42BF-8362-712EE5D08016}.AppStore|x86.Build.0 = Debug|Any CPU
		{6FAA673A-82AB-42BF-8362-712EE5D08016}.Debug|Any CPU.ActiveCfg = Debug|Any CPU
		{6FAA673A-82AB-42BF-8362-712EE5D08016}.Debug|Any CPU.Build.0 = Debug|Any CPU
		{6FAA673A-82AB-42BF-8362-712EE5D08016}.Debug|iPhone.ActiveCfg = Debug|Any CPU
		{6FAA673A-82AB-42BF-8362-712EE5D08016}.Debug|iPhone.Build.0 = Debug|Any CPU
		{6FAA673A-82AB-42BF-8362-712EE5D08016}.Debug|iPhoneSimulator.ActiveCfg = Debug|Any CPU
		{6FAA673A-82AB-42BF-8362-712EE5D08016}.Debug|iPhoneSimulator.Build.0 = Debug|Any CPU
		{6FAA673A-82AB-42BF-8362-712EE5D08016}.Debug|Mixed Platforms.ActiveCfg = Debug|Any CPU
		{6FAA673A-82AB-42BF-8362-712EE5D08016}.Debug|Mixed Platforms.Build.0 = Debug|Any CPU
		{6FAA673A-82AB-42BF-8362-712EE5D08016}.Debug|x86.ActiveCfg = Debug|Any CPU
		{6FAA673A-82AB-42BF-8362-712EE5D08016}.Debug|x86.Build.0 = Debug|Any CPU
		{6FAA673A-82AB-42BF-8362-712EE5D08016}.Release|Any CPU.ActiveCfg = Release|Any CPU
		{6FAA673A-82AB-42BF-8362-712EE5D08016}.Release|Any CPU.Build.0 = Release|Any CPU
		{6FAA673A-82AB-42BF-8362-712EE5D08016}.Release|iPhone.ActiveCfg = Release|Any CPU
		{6FAA673A-82AB-42BF-8362-712EE5D08016}.Release|iPhone.Build.0 = Release|Any CPU
		{6FAA673A-82AB-42BF-8362-712EE5D08016}.Release|iPhoneSimulator.ActiveCfg = Release|Any CPU
		{6FAA673A-82AB-42BF-8362-712EE5D08016}.Release|iPhoneSimulator.Build.0 = Release|Any CPU
		{6FAA673A-82AB-42BF-8362-712EE5D08016}.Release|Mixed Platforms.ActiveCfg = Release|Any CPU
		{6FAA673A-82AB-42BF-8362-712EE5D08016}.Release|Mixed Platforms.Build.0 = Release|Any CPU
		{6FAA673A-82AB-42BF-8362-712EE5D08016}.Release|x86.ActiveCfg = Release|Any CPU
		{6FAA673A-82AB-42BF-8362-712EE5D08016}.Release|x86.Build.0 = Release|Any CPU
		{9C4CA251-0DB6-4E8A-B43B-78EF283EDD05}.Ad-Hoc|Any CPU.ActiveCfg = Release|x86
		{9C4CA251-0DB6-4E8A-B43B-78EF283EDD05}.Ad-Hoc|iPhone.ActiveCfg = Release|x86
		{9C4CA251-0DB6-4E8A-B43B-78EF283EDD05}.Ad-Hoc|iPhoneSimulator.ActiveCfg = Release|x86
		{9C4CA251-0DB6-4E8A-B43B-78EF283EDD05}.Ad-Hoc|Mixed Platforms.ActiveCfg = Release|x86
		{9C4CA251-0DB6-4E8A-B43B-78EF283EDD05}.Ad-Hoc|Mixed Platforms.Build.0 = Release|x86
		{9C4CA251-0DB6-4E8A-B43B-78EF283EDD05}.Ad-Hoc|x86.ActiveCfg = Release|x86
		{9C4CA251-0DB6-4E8A-B43B-78EF283EDD05}.Ad-Hoc|x86.Build.0 = Release|x86
		{9C4CA251-0DB6-4E8A-B43B-78EF283EDD05}.AppStore|Any CPU.ActiveCfg = Release|x86
		{9C4CA251-0DB6-4E8A-B43B-78EF283EDD05}.AppStore|iPhone.ActiveCfg = Release|x86
		{9C4CA251-0DB6-4E8A-B43B-78EF283EDD05}.AppStore|iPhoneSimulator.ActiveCfg = Release|x86
		{9C4CA251-0DB6-4E8A-B43B-78EF283EDD05}.AppStore|Mixed Platforms.ActiveCfg = Release|x86
		{9C4CA251-0DB6-4E8A-B43B-78EF283EDD05}.AppStore|Mixed Platforms.Build.0 = Release|x86
		{9C4CA251-0DB6-4E8A-B43B-78EF283EDD05}.AppStore|x86.ActiveCfg = Release|x86
		{9C4CA251-0DB6-4E8A-B43B-78EF283EDD05}.AppStore|x86.Build.0 = Release|x86
		{9C4CA251-0DB6-4E8A-B43B-78EF283EDD05}.Debug|Any CPU.ActiveCfg = Debug|x86
		{9C4CA251-0DB6-4E8A-B43B-78EF283EDD05}.Debug|iPhone.ActiveCfg = Debug|x86
		{9C4CA251-0DB6-4E8A-B43B-78EF283EDD05}.Debug|iPhoneSimulator.ActiveCfg = Debug|x86
		{9C4CA251-0DB6-4E8A-B43B-78EF283EDD05}.Debug|Mixed Platforms.ActiveCfg = Debug|x86
		{9C4CA251-0DB6-4E8A-B43B-78EF283EDD05}.Debug|Mixed Platforms.Build.0 = Debug|x86
		{9C4CA251-0DB6-4E8A-B43B-78EF283EDD05}.Debug|x86.ActiveCfg = Debug|x86
		{9C4CA251-0DB6-4E8A-B43B-78EF283EDD05}.Debug|x86.Build.0 = Debug|x86
		{9C4CA251-0DB6-4E8A-B43B-78EF283EDD05}.Release|Any CPU.ActiveCfg = Release|x86
		{9C4CA251-0DB6-4E8A-B43B-78EF283EDD05}.Release|iPhone.ActiveCfg = Release|x86
		{9C4CA251-0DB6-4E8A-B43B-78EF283EDD05}.Release|iPhoneSimulator.ActiveCfg = Release|x86
		{9C4CA251-0DB6-4E8A-B43B-78EF283EDD05}.Release|Mixed Platforms.ActiveCfg = Release|x86
		{9C4CA251-0DB6-4E8A-B43B-78EF283EDD05}.Release|Mixed Platforms.Build.0 = Release|x86
		{9C4CA251-0DB6-4E8A-B43B-78EF283EDD05}.Release|x86.ActiveCfg = Release|x86
		{9C4CA251-0DB6-4E8A-B43B-78EF283EDD05}.Release|x86.Build.0 = Release|x86
		{A0925B16-9E10-44D2-A478-C693FEAC1E39}.Ad-Hoc|Any CPU.ActiveCfg = Debug|Mixed Platforms
		{A0925B16-9E10-44D2-A478-C693FEAC1E39}.Ad-Hoc|Any CPU.Build.0 = Debug|Mixed Platforms
		{A0925B16-9E10-44D2-A478-C693FEAC1E39}.Ad-Hoc|iPhone.ActiveCfg = Debug|Mixed Platforms
		{A0925B16-9E10-44D2-A478-C693FEAC1E39}.Ad-Hoc|iPhone.Build.0 = Debug|Mixed Platforms
		{A0925B16-9E10-44D2-A478-C693FEAC1E39}.Ad-Hoc|iPhoneSimulator.ActiveCfg = Debug|Mixed Platforms
		{A0925B16-9E10-44D2-A478-C693FEAC1E39}.Ad-Hoc|iPhoneSimulator.Build.0 = Debug|Mixed Platforms
		{A0925B16-9E10-44D2-A478-C693FEAC1E39}.Ad-Hoc|Mixed Platforms.ActiveCfg = Debug|Mixed Platforms
		{A0925B16-9E10-44D2-A478-C693FEAC1E39}.Ad-Hoc|Mixed Platforms.Build.0 = Debug|Mixed Platforms
		{A0925B16-9E10-44D2-A478-C693FEAC1E39}.Ad-Hoc|x86.ActiveCfg = Debug|Mixed Platforms
		{A0925B16-9E10-44D2-A478-C693FEAC1E39}.Ad-Hoc|x86.Build.0 = Debug|Mixed Platforms
		{A0925B16-9E10-44D2-A478-C693FEAC1E39}.AppStore|Any CPU.ActiveCfg = Debug|Mixed Platforms
		{A0925B16-9E10-44D2-A478-C693FEAC1E39}.AppStore|Any CPU.Build.0 = Debug|Mixed Platforms
		{A0925B16-9E10-44D2-A478-C693FEAC1E39}.AppStore|iPhone.ActiveCfg = Debug|Mixed Platforms
		{A0925B16-9E10-44D2-A478-C693FEAC1E39}.AppStore|iPhone.Build.0 = Debug|Mixed Platforms
		{A0925B16-9E10-44D2-A478-C693FEAC1E39}.AppStore|iPhoneSimulator.ActiveCfg = Debug|Mixed Platforms
		{A0925B16-9E10-44D2-A478-C693FEAC1E39}.AppStore|iPhoneSimulator.Build.0 = Debug|Mixed Platforms
		{A0925B16-9E10-44D2-A478-C693FEAC1E39}.AppStore|Mixed Platforms.ActiveCfg = Debug|Mixed Platforms
		{A0925B16-9E10-44D2-A478-C693FEAC1E39}.AppStore|Mixed Platforms.Build.0 = Debug|Mixed Platforms
		{A0925B16-9E10-44D2-A478-C693FEAC1E39}.AppStore|x86.ActiveCfg = Debug|Mixed Platforms
		{A0925B16-9E10-44D2-A478-C693FEAC1E39}.AppStore|x86.Build.0 = Debug|Mixed Platforms
		{A0925B16-9E10-44D2-A478-C693FEAC1E39}.Debug|Any CPU.ActiveCfg = Debug|Mixed Platforms
		{A0925B16-9E10-44D2-A478-C693FEAC1E39}.Debug|Any CPU.Build.0 = Debug|Mixed Platforms
		{A0925B16-9E10-44D2-A478-C693FEAC1E39}.Debug|iPhone.ActiveCfg = Debug|Mixed Platforms
		{A0925B16-9E10-44D2-A478-C693FEAC1E39}.Debug|iPhone.Build.0 = Debug|Mixed Platforms
		{A0925B16-9E10-44D2-A478-C693FEAC1E39}.Debug|iPhoneSimulator.ActiveCfg = Debug|Mixed Platforms
		{A0925B16-9E10-44D2-A478-C693FEAC1E39}.Debug|iPhoneSimulator.Build.0 = Debug|Mixed Platforms
		{A0925B16-9E10-44D2-A478-C693FEAC1E39}.Debug|Mixed Platforms.ActiveCfg = Debug|Mixed Platforms
		{A0925B16-9E10-44D2-A478-C693FEAC1E39}.Debug|Mixed Platforms.Build.0 = Debug|Mixed Platforms
		{A0925B16-9E10-44D2-A478-C693FEAC1E39}.Debug|x86.ActiveCfg = Debug|Mixed Platforms
		{A0925B16-9E10-44D2-A478-C693FEAC1E39}.Debug|x86.Build.0 = Debug|Mixed Platforms
		{A0925B16-9E10-44D2-A478-C693FEAC1E39}.Release|Any CPU.ActiveCfg = Release|Mixed Platforms
		{A0925B16-9E10-44D2-A478-C693FEAC1E39}.Release|Any CPU.Build.0 = Release|Mixed Platforms
		{A0925B16-9E10-44D2-A478-C693FEAC1E39}.Release|iPhone.ActiveCfg = Release|Mixed Platforms
		{A0925B16-9E10-44D2-A478-C693FEAC1E39}.Release|iPhone.Build.0 = Release|Mixed Platforms
		{A0925B16-9E10-44D2-A478-C693FEAC1E39}.Release|iPhoneSimulator.ActiveCfg = Release|Mixed Platforms
		{A0925B16-9E10-44D2-A478-C693FEAC1E39}.Release|iPhoneSimulator.Build.0 = Release|Mixed Platforms
		{A0925B16-9E10-44D2-A478-C693FEAC1E39}.Release|Mixed Platforms.ActiveCfg = Release|Mixed Platforms
		{A0925B16-9E10-44D2-A478-C693FEAC1E39}.Release|Mixed Platforms.Build.0 = Release|Mixed Platforms
		{A0925B16-9E10-44D2-A478-C693FEAC1E39}.Release|x86.ActiveCfg = Release|Mixed Platforms
		{A0925B16-9E10-44D2-A478-C693FEAC1E39}.Release|x86.Build.0 = Release|Mixed Platforms
		{C2A33D72-E109-4D17-9DCA-893C3072A86B}.Ad-Hoc|Any CPU.ActiveCfg = Release|Any CPU
		{C2A33D72-E109-4D17-9DCA-893C3072A86B}.Ad-Hoc|Any CPU.Build.0 = Release|Any CPU
		{C2A33D72-E109-4D17-9DCA-893C3072A86B}.Ad-Hoc|iPhone.ActiveCfg = Release|Any CPU
		{C2A33D72-E109-4D17-9DCA-893C3072A86B}.Ad-Hoc|iPhone.Build.0 = Release|Any CPU
		{C2A33D72-E109-4D17-9DCA-893C3072A86B}.Ad-Hoc|iPhoneSimulator.ActiveCfg = Release|Any CPU
		{C2A33D72-E109-4D17-9DCA-893C3072A86B}.Ad-Hoc|iPhoneSimulator.Build.0 = Release|Any CPU
		{C2A33D72-E109-4D17-9DCA-893C3072A86B}.Ad-Hoc|Mixed Platforms.ActiveCfg = Release|Any CPU
		{C2A33D72-E109-4D17-9DCA-893C3072A86B}.Ad-Hoc|Mixed Platforms.Build.0 = Release|Any CPU
		{C2A33D72-E109-4D17-9DCA-893C3072A86B}.Ad-Hoc|x86.ActiveCfg = Release|Any CPU
		{C2A33D72-E109-4D17-9DCA-893C3072A86B}.Ad-Hoc|x86.Build.0 = Release|Any CPU
		{C2A33D72-E109-4D17-9DCA-893C3072A86B}.AppStore|Any CPU.ActiveCfg = Release|Any CPU
		{C2A33D72-E109-4D17-9DCA-893C3072A86B}.AppStore|Any CPU.Build.0 = Release|Any CPU
		{C2A33D72-E109-4D17-9DCA-893C3072A86B}.AppStore|iPhone.ActiveCfg = Release|Any CPU
		{C2A33D72-E109-4D17-9DCA-893C3072A86B}.AppStore|iPhone.Build.0 = Release|Any CPU
		{C2A33D72-E109-4D17-9DCA-893C3072A86B}.AppStore|iPhoneSimulator.ActiveCfg = Release|Any CPU
		{C2A33D72-E109-4D17-9DCA-893C3072A86B}.AppStore|iPhoneSimulator.Build.0 = Release|Any CPU
		{C2A33D72-E109-4D17-9DCA-893C3072A86B}.AppStore|Mixed Platforms.ActiveCfg = Release|Any CPU
		{C2A33D72-E109-4D17-9DCA-893C3072A86B}.AppStore|Mixed Platforms.Build.0 = Release|Any CPU
		{C2A33D72-E109-4D17-9DCA-893C3072A86B}.AppStore|x86.ActiveCfg = Release|Any CPU
		{C2A33D72-E109-4D17-9DCA-893C3072A86B}.AppStore|x86.Build.0 = Release|Any CPU
		{C2A33D72-E109-4D17-9DCA-893C3072A86B}.Debug|Any CPU.ActiveCfg = Debug|Any CPU
		{C2A33D72-E109-4D17-9DCA-893C3072A86B}.Debug|Any CPU.Build.0 = Debug|Any CPU
		{C2A33D72-E109-4D17-9DCA-893C3072A86B}.Debug|iPhone.ActiveCfg = Debug|Any CPU
		{C2A33D72-E109-4D17-9DCA-893C3072A86B}.Debug|iPhone.Build.0 = Debug|Any CPU
		{C2A33D72-E109-4D17-9DCA-893C3072A86B}.Debug|iPhoneSimulator.ActiveCfg = Debug|Any CPU
		{C2A33D72-E109-4D17-9DCA-893C3072A86B}.Debug|iPhoneSimulator.Build.0 = Debug|Any CPU
		{C2A33D72-E109-4D17-9DCA-893C3072A86B}.Debug|Mixed Platforms.ActiveCfg = Debug|Any CPU
		{C2A33D72-E109-4D17-9DCA-893C3072A86B}.Debug|Mixed Platforms.Build.0 = Debug|Any CPU
		{C2A33D72-E109-4D17-9DCA-893C3072A86B}.Debug|x86.ActiveCfg = Debug|Any CPU
		{C2A33D72-E109-4D17-9DCA-893C3072A86B}.Debug|x86.Build.0 = Debug|Any CPU
		{C2A33D72-E109-4D17-9DCA-893C3072A86B}.Release|Any CPU.ActiveCfg = Release|Any CPU
		{C2A33D72-E109-4D17-9DCA-893C3072A86B}.Release|Any CPU.Build.0 = Release|Any CPU
		{C2A33D72-E109-4D17-9DCA-893C3072A86B}.Release|iPhone.ActiveCfg = Release|Any CPU
		{C2A33D72-E109-4D17-9DCA-893C3072A86B}.Release|iPhone.Build.0 = Release|Any CPU
		{C2A33D72-E109-4D17-9DCA-893C3072A86B}.Release|iPhoneSimulator.ActiveCfg = Release|Any CPU
		{C2A33D72-E109-4D17-9DCA-893C3072A86B}.Release|iPhoneSimulator.Build.0 = Release|Any CPU
		{C2A33D72-E109-4D17-9DCA-893C3072A86B}.Release|Mixed Platforms.ActiveCfg = Release|Any CPU
		{C2A33D72-E109-4D17-9DCA-893C3072A86B}.Release|Mixed Platforms.Build.0 = Release|Any CPU
		{C2A33D72-E109-4D17-9DCA-893C3072A86B}.Release|x86.ActiveCfg = Release|Any CPU
		{C2A33D72-E109-4D17-9DCA-893C3072A86B}.Release|x86.Build.0 = Release|Any CPU
		{DFA52ADF-DDB8-4014-B91D-108E61C9A539}.Ad-Hoc|Any CPU.ActiveCfg = Release|Any CPU
		{DFA52ADF-DDB8-4014-B91D-108E61C9A539}.Ad-Hoc|Any CPU.Build.0 = Release|Any CPU
		{DFA52ADF-DDB8-4014-B91D-108E61C9A539}.Ad-Hoc|iPhone.ActiveCfg = Release|Any CPU
		{DFA52ADF-DDB8-4014-B91D-108E61C9A539}.Ad-Hoc|iPhone.Build.0 = Release|Any CPU
		{DFA52ADF-DDB8-4014-B91D-108E61C9A539}.Ad-Hoc|iPhoneSimulator.ActiveCfg = Release|Any CPU
		{DFA52ADF-DDB8-4014-B91D-108E61C9A539}.Ad-Hoc|iPhoneSimulator.Build.0 = Release|Any CPU
		{DFA52ADF-DDB8-4014-B91D-108E61C9A539}.Ad-Hoc|Mixed Platforms.ActiveCfg = Release|Any CPU
		{DFA52ADF-DDB8-4014-B91D-108E61C9A539}.Ad-Hoc|Mixed Platforms.Build.0 = Release|Any CPU
		{DFA52ADF-DDB8-4014-B91D-108E61C9A539}.Ad-Hoc|x86.ActiveCfg = Release|Any CPU
		{DFA52ADF-DDB8-4014-B91D-108E61C9A539}.Ad-Hoc|x86.Build.0 = Release|Any CPU
		{DFA52ADF-DDB8-4014-B91D-108E61C9A539}.AppStore|Any CPU.ActiveCfg = Release|Any CPU
		{DFA52ADF-DDB8-4014-B91D-108E61C9A539}.AppStore|Any CPU.Build.0 = Release|Any CPU
		{DFA52ADF-DDB8-4014-B91D-108E61C9A539}.AppStore|iPhone.ActiveCfg = Release|Any CPU
		{DFA52ADF-DDB8-4014-B91D-108E61C9A539}.AppStore|iPhone.Build.0 = Release|Any CPU
		{DFA52ADF-DDB8-4014-B91D-108E61C9A539}.AppStore|iPhoneSimulator.ActiveCfg = Release|Any CPU
		{DFA52ADF-DDB8-4014-B91D-108E61C9A539}.AppStore|iPhoneSimulator.Build.0 = Release|Any CPU
		{DFA52ADF-DDB8-4014-B91D-108E61C9A539}.AppStore|Mixed Platforms.ActiveCfg = Release|Any CPU
		{DFA52ADF-DDB8-4014-B91D-108E61C9A539}.AppStore|Mixed Platforms.Build.0 = Release|Any CPU
		{DFA52ADF-DDB8-4014-B91D-108E61C9A539}.AppStore|x86.ActiveCfg = Release|Any CPU
		{DFA52ADF-DDB8-4014-B91D-108E61C9A539}.AppStore|x86.Build.0 = Release|Any CPU
		{DFA52ADF-DDB8-4014-B91D-108E61C9A539}.Debug|Any CPU.ActiveCfg = Debug|Any CPU
		{DFA52ADF-DDB8-4014-B91D-108E61C9A539}.Debug|Any CPU.Build.0 = Debug|Any CPU
		{DFA52ADF-DDB8-4014-B91D-108E61C9A539}.Debug|iPhone.ActiveCfg = Debug|Any CPU
		{DFA52ADF-DDB8-4014-B91D-108E61C9A539}.Debug|iPhone.Build.0 = Debug|Any CPU
		{DFA52ADF-DDB8-4014-B91D-108E61C9A539}.Debug|iPhoneSimulator.ActiveCfg = Debug|Any CPU
		{DFA52ADF-DDB8-4014-B91D-108E61C9A539}.Debug|iPhoneSimulator.Build.0 = Debug|Any CPU
		{DFA52ADF-DDB8-4014-B91D-108E61C9A539}.Debug|Mixed Platforms.ActiveCfg = Debug|Any CPU
		{DFA52ADF-DDB8-4014-B91D-108E61C9A539}.Debug|Mixed Platforms.Build.0 = Debug|Any CPU
		{DFA52ADF-DDB8-4014-B91D-108E61C9A539}.Debug|x86.ActiveCfg = Debug|Any CPU
		{DFA52ADF-DDB8-4014-B91D-108E61C9A539}.Debug|x86.Build.0 = Debug|Any CPU
		{DFA52ADF-DDB8-4014-B91D-108E61C9A539}.Release|Any CPU.ActiveCfg = Release|Any CPU
		{DFA52ADF-DDB8-4014-B91D-108E61C9A539}.Release|Any CPU.Build.0 = Release|Any CPU
		{DFA52ADF-DDB8-4014-B91D-108E61C9A539}.Release|iPhone.ActiveCfg = Release|Any CPU
		{DFA52ADF-DDB8-4014-B91D-108E61C9A539}.Release|iPhone.Build.0 = Release|Any CPU
		{DFA52ADF-DDB8-4014-B91D-108E61C9A539}.Release|iPhoneSimulator.ActiveCfg = Release|Any CPU
		{DFA52ADF-DDB8-4014-B91D-108E61C9A539}.Release|iPhoneSimulator.Build.0 = Release|Any CPU
		{DFA52ADF-DDB8-4014-B91D-108E61C9A539}.Release|Mixed Platforms.ActiveCfg = Release|Any CPU
		{DFA52ADF-DDB8-4014-B91D-108E61C9A539}.Release|Mixed Platforms.Build.0 = Release|Any CPU
		{DFA52ADF-DDB8-4014-B91D-108E61C9A539}.Release|x86.ActiveCfg = Release|Any CPU
		{DFA52ADF-DDB8-4014-B91D-108E61C9A539}.Release|x86.Build.0 = Release|Any CPU
	EndGlobalSection
	GlobalSection(NestedProjects) = preSolution
	EndGlobalSection
	GlobalSection(MonoDevelopProperties) = preSolution
		StartupItem = ExtendedDisplay.Server.MacConsole\ExtendedDisplay.Server.MacConsole.csproj
	EndGlobalSection
	GlobalSection(SolutionProperties) = preSolution
		HideSolutionNode = FALSE
	EndGlobalSection
EndGlobal
